// !$*UTF8*$!
{
	archiveVersion = 1;
	classes = {
	};
	objectVersion = 46;
	objects = {

/* Begin PBXBuildFile section */
		8D255AC70486D3F9007BF209 /* Hyperspace_Prefix.pch in Headers */ = {isa = PBXBuildFile; fileRef = 32DBCFA80370C50100C91783 /* Hyperspace_Prefix.pch */; };
		8D255AC80486D3F9007BF209 /* HyperspaceView.h in Headers */ = {isa = PBXBuildFile; fileRef = F50079790118B23001CA0E54 /* HyperspaceView.h */; };
		8D255ACA0486D3F9007BF209 /* InfoPlist.strings in Resources */ = {isa = PBXBuildFile; fileRef = 089C167DFE841241C02AAC07 /* InfoPlist.strings */; };
		8D255ACC0486D3F9007BF209 /* HyperspaceView.mm in Sources */ = {isa = PBXBuildFile; fileRef = F500797A0118B23001CA0E54 /* HyperspaceView.mm */; };
		8D255ACE0486D3F9007BF209 /* Cocoa.framework in Frameworks */ = {isa = PBXBuildFile; fileRef = 1058C7ADFEA557BF11CA2CBB /* Cocoa.framework */; };
		8D255ACF0486D3F9007BF209 /* ScreenSaver.framework in Frameworks */ = {isa = PBXBuildFile; fileRef = 06F27B2DFFEEEFEF11CA0E56 /* ScreenSaver.framework */; };
		E02D5129247B9108008561D1 /* ConfigureSheet.xib in Resources */ = {isa = PBXBuildFile; fileRef = E02D512B247B9108008561D1 /* ConfigureSheet.xib */; };
		E03109500F60E0CB009FCCA0 /* frsqrt.hh in Headers */ = {isa = PBXBuildFile; fileRef = E031094F0F60E0CB009FCCA0 /* frsqrt.hh */; };
		E042195B09A973B500E46FE2 /* Localizable.strings in Resources */ = {isa = PBXBuildFile; fileRef = E042195909A973B500E46FE2 /* Localizable.strings */; };
		E04FD81D17DC286F00CDEC91 /* thumbnail.png in Resources */ = {isa = PBXBuildFile; fileRef = E04FD81C17DC286F00CDEC91 /* thumbnail.png */; };
		E0657D0611E1261800B061F8 /* rsMath.h in Headers */ = {isa = PBXBuildFile; fileRef = E0657CFC11E1261800B061F8 /* rsMath.h */; };
		E0657D0711E1261800B061F8 /* rsMatrix.cpp in Sources */ = {isa = PBXBuildFile; fileRef = E0657CFD11E1261800B061F8 /* rsMatrix.cpp */; };
		E0657D0811E1261800B061F8 /* rsMatrix.h in Headers */ = {isa = PBXBuildFile; fileRef = E0657CFE11E1261800B061F8 /* rsMatrix.h */; };
		E0657D0911E1261800B061F8 /* rsQuat.cpp in Sources */ = {isa = PBXBuildFile; fileRef = E0657CFF11E1261800B061F8 /* rsQuat.cpp */; };
		E0657D0A11E1261800B061F8 /* rsQuat.h in Headers */ = {isa = PBXBuildFile; fileRef = E0657D0011E1261800B061F8 /* rsQuat.h */; };
		E0657D0B11E1261800B061F8 /* rsTrigonometry.h in Headers */ = {isa = PBXBuildFile; fileRef = E0657D0111E1261800B061F8 /* rsTrigonometry.h */; };
		E0657D0C11E1261800B061F8 /* rsVec.cpp in Sources */ = {isa = PBXBuildFile; fileRef = E0657D0211E1261800B061F8 /* rsVec.cpp */; };
		E0657D0D11E1261800B061F8 /* rsVec.h in Headers */ = {isa = PBXBuildFile; fileRef = E0657D0311E1261800B061F8 /* rsVec.h */; };
		E0657D0E11E1261800B061F8 /* rsVec4.cpp in Sources */ = {isa = PBXBuildFile; fileRef = E0657D0411E1261800B061F8 /* rsVec4.cpp */; };
		E0657D0F11E1261800B061F8 /* rsVec4.h in Headers */ = {isa = PBXBuildFile; fileRef = E0657D0511E1261800B061F8 /* rsVec4.h */; };
		E0657DEC11E13B8300B061F8 /* rsTimer.h in Headers */ = {isa = PBXBuildFile; fileRef = E0657DEB11E13B8300B061F8 /* rsTimer.h */; };
		E0AA3C6211E11EEE00F84B8B /* extensions.cpp in Sources */ = {isa = PBXBuildFile; fileRef = E0AA3C6111E11EEE00F84B8B /* extensions.cpp */; };
		E0AA3C6411E11EFF00F84B8B /* extensions.h in Headers */ = {isa = PBXBuildFile; fileRef = E0AA3C6311E11EFF00F84B8B /* extensions.h */; };
		E0AA3C9211E122EE00F84B8B /* impCapsule.cpp in Sources */ = {isa = PBXBuildFile; fileRef = E0AA3C7B11E122ED00F84B8B /* impCapsule.cpp */; };
		E0AA3C9311E122EE00F84B8B /* impCapsule.h in Headers */ = {isa = PBXBuildFile; fileRef = E0AA3C7C11E122ED00F84B8B /* impCapsule.h */; };
		E0AA3C9411E122EE00F84B8B /* impCrawlPoint.h in Headers */ = {isa = PBXBuildFile; fileRef = E0AA3C7D11E122ED00F84B8B /* impCrawlPoint.h */; };
		E0AA3C9511E122EE00F84B8B /* impCubeTables.cpp in Sources */ = {isa = PBXBuildFile; fileRef = E0AA3C7E11E122ED00F84B8B /* impCubeTables.cpp */; };
		E0AA3C9611E122EE00F84B8B /* impCubeTables.h in Headers */ = {isa = PBXBuildFile; fileRef = E0AA3C7F11E122ED00F84B8B /* impCubeTables.h */; };
		E0AA3C9711E122EE00F84B8B /* impCubeVolume.cpp in Sources */ = {isa = PBXBuildFile; fileRef = E0AA3C8011E122ED00F84B8B /* impCubeVolume.cpp */; };
		E0AA3C9811E122EE00F84B8B /* impCubeVolume.h in Headers */ = {isa = PBXBuildFile; fileRef = E0AA3C8111E122ED00F84B8B /* impCubeVolume.h */; };
		E0AA3C9911E122EE00F84B8B /* impEllipsoid.cpp in Sources */ = {isa = PBXBuildFile; fileRef = E0AA3C8211E122ED00F84B8B /* impEllipsoid.cpp */; };
		E0AA3C9A11E122EE00F84B8B /* impEllipsoid.h in Headers */ = {isa = PBXBuildFile; fileRef = E0AA3C8311E122ED00F84B8B /* impEllipsoid.h */; };
		E0AA3C9B11E122EE00F84B8B /* impHexahedron.cpp in Sources */ = {isa = PBXBuildFile; fileRef = E0AA3C8411E122ED00F84B8B /* impHexahedron.cpp */; };
		E0AA3C9C11E122EE00F84B8B /* impHexahedron.h in Headers */ = {isa = PBXBuildFile; fileRef = E0AA3C8511E122ED00F84B8B /* impHexahedron.h */; };
		E0AA3C9D11E122EE00F84B8B /* impKnot.cpp in Sources */ = {isa = PBXBuildFile; fileRef = E0AA3C8611E122ED00F84B8B /* impKnot.cpp */; };
		E0AA3C9E11E122EE00F84B8B /* impKnot.h in Headers */ = {isa = PBXBuildFile; fileRef = E0AA3C8711E122ED00F84B8B /* impKnot.h */; };
		E0AA3C9F11E122EE00F84B8B /* impRoundedHexahedron.cpp in Sources */ = {isa = PBXBuildFile; fileRef = E0AA3C8811E122ED00F84B8B /* impRoundedHexahedron.cpp */; };
		E0AA3CA011E122EE00F84B8B /* impRoundedHexahedron.h in Headers */ = {isa = PBXBuildFile; fileRef = E0AA3C8911E122ED00F84B8B /* impRoundedHexahedron.h */; };
		E0AA3CA111E122EE00F84B8B /* impShape.cpp in Sources */ = {isa = PBXBuildFile; fileRef = E0AA3C8A11E122ED00F84B8B /* impShape.cpp */; };
		E0AA3CA211E122EE00F84B8B /* impShape.h in Headers */ = {isa = PBXBuildFile; fileRef = E0AA3C8B11E122ED00F84B8B /* impShape.h */; };
		E0AA3CA311E122EE00F84B8B /* impSphere.cpp in Sources */ = {isa = PBXBuildFile; fileRef = E0AA3C8C11E122ED00F84B8B /* impSphere.cpp */; };
		E0AA3CA411E122EE00F84B8B /* impSphere.h in Headers */ = {isa = PBXBuildFile; fileRef = E0AA3C8D11E122ED00F84B8B /* impSphere.h */; };
		E0AA3CA511E122EE00F84B8B /* impSurface.cpp in Sources */ = {isa = PBXBuildFile; fileRef = E0AA3C8E11E122ED00F84B8B /* impSurface.cpp */; };
		E0AA3CA611E122EE00F84B8B /* impSurface.h in Headers */ = {isa = PBXBuildFile; fileRef = E0AA3C8F11E122ED00F84B8B /* impSurface.h */; };
		E0AA3CA711E122EE00F84B8B /* impTorus.cpp in Sources */ = {isa = PBXBuildFile; fileRef = E0AA3C9011E122ED00F84B8B /* impTorus.cpp */; };
		E0AA3CA811E122EE00F84B8B /* impTorus.h in Headers */ = {isa = PBXBuildFile; fileRef = E0AA3C9111E122EE00F84B8B /* impTorus.h */; };
		E0CDA06209A8E5C00004FDE6 /* starBurst.cpp in Sources */ = {isa = PBXBuildFile; fileRef = E0CDA05809A8E5C00004FDE6 /* starBurst.cpp */; };
		E0CDA06309A8E5C00004FDE6 /* stretchedParticle.cpp in Sources */ = {isa = PBXBuildFile; fileRef = E0CDA05909A8E5C00004FDE6 /* stretchedParticle.cpp */; };
		E0CDA06409A8E5C00004FDE6 /* wavyNormalCubeMaps.cpp in Sources */ = {isa = PBXBuildFile; fileRef = E0CDA05A09A8E5C00004FDE6 /* wavyNormalCubeMaps.cpp */; };
		E0CDA06509A8E5C00004FDE6 /* splinePath.cpp in Sources */ = {isa = PBXBuildFile; fileRef = E0CDA05B09A8E5C00004FDE6 /* splinePath.cpp */; };
		E0CDA06709A8E5C00004FDE6 /* flare.cpp in Sources */ = {isa = PBXBuildFile; fileRef = E0CDA05D09A8E5C00004FDE6 /* flare.cpp */; };
		E0CDA06809A8E5C00004FDE6 /* goo.cpp in Sources */ = {isa = PBXBuildFile; fileRef = E0CDA05E09A8E5C00004FDE6 /* goo.cpp */; };
		E0CDA06909A8E5C00004FDE6 /* causticTextures.cpp in Sources */ = {isa = PBXBuildFile; fileRef = E0CDA05F09A8E5C00004FDE6 /* causticTextures.cpp */; };
		E0CDA06A09A8E5C00004FDE6 /* Hyperspace.cpp in Sources */ = {isa = PBXBuildFile; fileRef = E0CDA06009A8E5C00004FDE6 /* Hyperspace.cpp */; };
		E0CDA06B09A8E5C00004FDE6 /* tunnel.cpp in Sources */ = {isa = PBXBuildFile; fileRef = E0CDA06109A8E5C00004FDE6 /* tunnel.cpp */; };
		E0CDA06D09A8E61A0004FDE6 /* causticTextures.h in Headers */ = {isa = PBXBuildFile; fileRef = E0CDA06C09A8E61A0004FDE6 /* causticTextures.h */; };
		E0CDA07109A8E6250004FDE6 /* flare.h in Headers */ = {isa = PBXBuildFile; fileRef = E0CDA07009A8E6250004FDE6 /* flare.h */; };
		E0CDA07309A8E62A0004FDE6 /* goo.h in Headers */ = {isa = PBXBuildFile; fileRef = E0CDA07209A8E62A0004FDE6 /* goo.h */; };
		E0CDA07509A8E6370004FDE6 /* nebulamap.h in Headers */ = {isa = PBXBuildFile; fileRef = E0CDA07409A8E6370004FDE6 /* nebulamap.h */; };
		E0CDA07709A8E6460004FDE6 /* shaders.h in Headers */ = {isa = PBXBuildFile; fileRef = E0CDA07609A8E6460004FDE6 /* shaders.h */; };
		E0CDA07909A8E6510004FDE6 /* splinePath.h in Headers */ = {isa = PBXBuildFile; fileRef = E0CDA07809A8E6510004FDE6 /* splinePath.h */; };
		E0CDA07B09A8E6580004FDE6 /* starBurst.h in Headers */ = {isa = PBXBuildFile; fileRef = E0CDA07A09A8E6580004FDE6 /* starBurst.h */; };
		E0CDA07D09A8E65E0004FDE6 /* stretchedParticle.h in Headers */ = {isa = PBXBuildFile; fileRef = E0CDA07C09A8E65E0004FDE6 /* stretchedParticle.h */; };
		E0CDA07F09A8E6680004FDE6 /* tunnel.h in Headers */ = {isa = PBXBuildFile; fileRef = E0CDA07E09A8E6680004FDE6 /* tunnel.h */; };
		E0CDA08109A8E66E0004FDE6 /* wavyNormalCubeMaps.h in Headers */ = {isa = PBXBuildFile; fileRef = E0CDA08009A8E66E0004FDE6 /* wavyNormalCubeMaps.h */; };
		E0CDA09509A8E8270004FDE6 /* Hyperspace.h in Headers */ = {isa = PBXBuildFile; fileRef = E0CDA09409A8E8270004FDE6 /* Hyperspace.h */; };
		E0CDA0BE09A8E96B0004FDE6 /* fontmap.h in Headers */ = {isa = PBXBuildFile; fileRef = E0CDA0BB09A8E96B0004FDE6 /* fontmap.h */; };
		E0CDA0BF09A8E96B0004FDE6 /* rsText.cpp in Sources */ = {isa = PBXBuildFile; fileRef = E0CDA0BC09A8E96B0004FDE6 /* rsText.cpp */; };
		E0CDA0C009A8E96B0004FDE6 /* rsText.h in Headers */ = {isa = PBXBuildFile; fileRef = E0CDA0BD09A8E96B0004FDE6 /* rsText.h */; };
		E0CDA0C209A8F5C50004FDE6 /* OpenGL.framework in Frameworks */ = {isa = PBXBuildFile; fileRef = E0CDA0C109A8F5C50004FDE6 /* OpenGL.framework */; };
		E0CDA21209A900520004FDE6 /* Rgbhsl.h in Headers */ = {isa = PBXBuildFile; fileRef = E0CDA21109A900520004FDE6 /* Rgbhsl.h */; };
		E0CDA21409A900660004FDE6 /* Rgbhsl.cpp in Sources */ = {isa = PBXBuildFile; fileRef = E0CDA21309A900660004FDE6 /* Rgbhsl.cpp */; };
/* End PBXBuildFile section */

/* Begin PBXFileReference section */
		06F27B2DFFEEEFEF11CA0E56 /* ScreenSaver.framework */ = {isa = PBXFileReference; lastKnownFileType = wrapper.framework; name = ScreenSaver.framework; path = /System/Library/Frameworks/ScreenSaver.framework; sourceTree = "<absolute>"; };
		089C1672FE841209C02AAC07 /* Foundation.framework */ = {isa = PBXFileReference; lastKnownFileType = wrapper.framework; name = Foundation.framework; path = /System/Library/Frameworks/Foundation.framework; sourceTree = "<absolute>"; };
		089C167FFE841241C02AAC07 /* AppKit.framework */ = {isa = PBXFileReference; lastKnownFileType = wrapper.framework; name = AppKit.framework; path = /System/Library/Frameworks/AppKit.framework; sourceTree = "<absolute>"; };
		1058C7ADFEA557BF11CA2CBB /* Cocoa.framework */ = {isa = PBXFileReference; lastKnownFileType = wrapper.framework; name = Cocoa.framework; path = /System/Library/Frameworks/Cocoa.framework; sourceTree = "<absolute>"; };
		32DBCFA80370C50100C91783 /* Hyperspace_Prefix.pch */ = {isa = PBXFileReference; fileEncoding = 4; lastKnownFileType = sourcecode.c.h; path = Hyperspace_Prefix.pch; sourceTree = "<group>"; };
		8D255AD20486D3F9007BF209 /* Info.plist */ = {isa = PBXFileReference; fileEncoding = 4; lastKnownFileType = text.plist; path = Info.plist; sourceTree = "<group>"; };
		8D255AD30486D3F9007BF209 /* Hyperspace.saver */ = {isa = PBXFileReference; explicitFileType = wrapper.cfbundle; includeInIndex = 0; path = Hyperspace.saver; sourceTree = BUILT_PRODUCTS_DIR; };
		E02D5120247B8EC2008561D1 /* de */ = {isa = PBXFileReference; lastKnownFileType = text.plist.strings; name = de; path = de.lproj/InfoPlist.strings; sourceTree = "<group>"; };
		E02D5121247B8EC2008561D1 /* de */ = {isa = PBXFileReference; lastKnownFileType = text.plist.strings; name = de; path = de.lproj/Localizable.strings; sourceTree = "<group>"; };
		E02D5122247B8EC8008561D1 /* en */ = {isa = PBXFileReference; lastKnownFileType = text.plist.strings; name = en; path = en.lproj/InfoPlist.strings; sourceTree = "<group>"; };
		E02D5123247B8EC8008561D1 /* en */ = {isa = PBXFileReference; lastKnownFileType = text.plist.strings; name = en; path = en.lproj/Localizable.strings; sourceTree = "<group>"; };
		E02D5125247B8ECC008561D1 /* fr */ = {isa = PBXFileReference; lastKnownFileType = text.plist.strings; name = fr; path = fr.lproj/InfoPlist.strings; sourceTree = "<group>"; };
		E02D5126247B8ECC008561D1 /* fr */ = {isa = PBXFileReference; lastKnownFileType = text.plist.strings; name = fr; path = fr.lproj/Localizable.strings; sourceTree = "<group>"; };
		E02D512A247B9108008561D1 /* Base */ = {isa = PBXFileReference; lastKnownFileType = file.xib; name = Base; path = Base.lproj/ConfigureSheet.xib; sourceTree = "<group>"; };
		E02D512D247B9113008561D1 /* fr */ = {isa = PBXFileReference; lastKnownFileType = text.plist.strings; name = fr; path = fr.lproj/ConfigureSheet.strings; sourceTree = "<group>"; };
		E02D512F247B9118008561D1 /* de */ = {isa = PBXFileReference; lastKnownFileType = text.plist.strings; name = de; path = de.lproj/ConfigureSheet.strings; sourceTree = "<group>"; };
		E031094F0F60E0CB009FCCA0 /* frsqrt.hh */ = {isa = PBXFileReference; fileEncoding = 30; lastKnownFileType = sourcecode.cpp.h; path = frsqrt.hh; sourceTree = "<group>"; };
		E04FD81C17DC286F00CDEC91 /* thumbnail.png */ = {isa = PBXFileReference; lastKnownFileType = image.png; path = thumbnail.png; sourceTree = "<group>"; };
		E0657CFC11E1261800B061F8 /* rsMath.h */ = {isa = PBXFileReference; fileEncoding = 30; lastKnownFileType = sourcecode.c.h; path = rsMath.h; sourceTree = "<group>"; };
		E0657CFD11E1261800B061F8 /* rsMatrix.cpp */ = {isa = PBXFileReference; fileEncoding = 30; lastKnownFileType = sourcecode.cpp.cpp; path = rsMatrix.cpp; sourceTree = "<group>"; };
		E0657CFE11E1261800B061F8 /* rsMatrix.h */ = {isa = PBXFileReference; fileEncoding = 30; lastKnownFileType = sourcecode.c.h; path = rsMatrix.h; sourceTree = "<group>"; };
		E0657CFF11E1261800B061F8 /* rsQuat.cpp */ = {isa = PBXFileReference; fileEncoding = 30; lastKnownFileType = sourcecode.cpp.cpp; path = rsQuat.cpp; sourceTree = "<group>"; };
		E0657D0011E1261800B061F8 /* rsQuat.h */ = {isa = PBXFileReference; fileEncoding = 30; lastKnownFileType = sourcecode.c.h; path = rsQuat.h; sourceTree = "<group>"; };
		E0657D0111E1261800B061F8 /* rsTrigonometry.h */ = {isa = PBXFileReference; fileEncoding = 30; lastKnownFileType = sourcecode.c.h; path = rsTrigonometry.h; sourceTree = "<group>"; };
		E0657D0211E1261800B061F8 /* rsVec.cpp */ = {isa = PBXFileReference; fileEncoding = 30; lastKnownFileType = sourcecode.cpp.cpp; path = rsVec.cpp; sourceTree = "<group>"; };
		E0657D0311E1261800B061F8 /* rsVec.h */ = {isa = PBXFileReference; fileEncoding = 30; lastKnownFileType = sourcecode.c.h; path = rsVec.h; sourceTree = "<group>"; };
		E0657D0411E1261800B061F8 /* rsVec4.cpp */ = {isa = PBXFileReference; fileEncoding = 30; lastKnownFileType = sourcecode.cpp.cpp; path = rsVec4.cpp; sourceTree = "<group>"; };
		E0657D0511E1261800B061F8 /* rsVec4.h */ = {isa = PBXFileReference; fileEncoding = 30; lastKnownFileType = sourcecode.c.h; path = rsVec4.h; sourceTree = "<group>"; };
		E0657DEB11E13B8300B061F8 /* rsTimer.h */ = {isa = PBXFileReference; fileEncoding = 30; lastKnownFileType = sourcecode.c.h; path = rsTimer.h; sourceTree = "<group>"; };
		E0AA3C6111E11EEE00F84B8B /* extensions.cpp */ = {isa = PBXFileReference; fileEncoding = 30; lastKnownFileType = sourcecode.cpp.cpp; path = extensions.cpp; sourceTree = "<group>"; };
		E0AA3C6311E11EFF00F84B8B /* extensions.h */ = {isa = PBXFileReference; fileEncoding = 30; lastKnownFileType = sourcecode.c.h; path = extensions.h; sourceTree = "<group>"; };
		E0AA3C7B11E122ED00F84B8B /* impCapsule.cpp */ = {isa = PBXFileReference; fileEncoding = 30; lastKnownFileType = sourcecode.cpp.cpp; path = impCapsule.cpp; sourceTree = "<group>"; };
		E0AA3C7C11E122ED00F84B8B /* impCapsule.h */ = {isa = PBXFileReference; fileEncoding = 30; lastKnownFileType = sourcecode.c.h; path = impCapsule.h; sourceTree = "<group>"; };
		E0AA3C7D11E122ED00F84B8B /* impCrawlPoint.h */ = {isa = PBXFileReference; fileEncoding = 30; lastKnownFileType = sourcecode.c.h; path = impCrawlPoint.h; sourceTree = "<group>"; };
		E0AA3C7E11E122ED00F84B8B /* impCubeTables.cpp */ = {isa = PBXFileReference; fileEncoding = 30; lastKnownFileType = sourcecode.cpp.cpp; path = impCubeTables.cpp; sourceTree = "<group>"; };
		E0AA3C7F11E122ED00F84B8B /* impCubeTables.h */ = {isa = PBXFileReference; fileEncoding = 30; lastKnownFileType = sourcecode.c.h; path = impCubeTables.h; sourceTree = "<group>"; };
		E0AA3C8011E122ED00F84B8B /* impCubeVolume.cpp */ = {isa = PBXFileReference; fileEncoding = 30; lastKnownFileType = sourcecode.cpp.cpp; path = impCubeVolume.cpp; sourceTree = "<group>"; };
		E0AA3C8111E122ED00F84B8B /* impCubeVolume.h */ = {isa = PBXFileReference; fileEncoding = 30; lastKnownFileType = sourcecode.c.h; path = impCubeVolume.h; sourceTree = "<group>"; };
		E0AA3C8211E122ED00F84B8B /* impEllipsoid.cpp */ = {isa = PBXFileReference; fileEncoding = 30; lastKnownFileType = sourcecode.cpp.cpp; path = impEllipsoid.cpp; sourceTree = "<group>"; };
		E0AA3C8311E122ED00F84B8B /* impEllipsoid.h */ = {isa = PBXFileReference; fileEncoding = 30; lastKnownFileType = sourcecode.c.h; path = impEllipsoid.h; sourceTree = "<group>"; };
		E0AA3C8411E122ED00F84B8B /* impHexahedron.cpp */ = {isa = PBXFileReference; fileEncoding = 30; lastKnownFileType = sourcecode.cpp.cpp; path = impHexahedron.cpp; sourceTree = "<group>"; };
		E0AA3C8511E122ED00F84B8B /* impHexahedron.h */ = {isa = PBXFileReference; fileEncoding = 30; lastKnownFileType = sourcecode.c.h; path = impHexahedron.h; sourceTree = "<group>"; };
		E0AA3C8611E122ED00F84B8B /* impKnot.cpp */ = {isa = PBXFileReference; fileEncoding = 30; lastKnownFileType = sourcecode.cpp.cpp; path = impKnot.cpp; sourceTree = "<group>"; };
		E0AA3C8711E122ED00F84B8B /* impKnot.h */ = {isa = PBXFileReference; fileEncoding = 30; lastKnownFileType = sourcecode.c.h; path = impKnot.h; sourceTree = "<group>"; };
		E0AA3C8811E122ED00F84B8B /* impRoundedHexahedron.cpp */ = {isa = PBXFileReference; fileEncoding = 30; lastKnownFileType = sourcecode.cpp.cpp; path = impRoundedHexahedron.cpp; sourceTree = "<group>"; };
		E0AA3C8911E122ED00F84B8B /* impRoundedHexahedron.h */ = {isa = PBXFileReference; fileEncoding = 30; lastKnownFileType = sourcecode.c.h; path = impRoundedHexahedron.h; sourceTree = "<group>"; };
		E0AA3C8A11E122ED00F84B8B /* impShape.cpp */ = {isa = PBXFileReference; fileEncoding = 30; lastKnownFileType = sourcecode.cpp.cpp; path = impShape.cpp; sourceTree = "<group>"; };
		E0AA3C8B11E122ED00F84B8B /* impShape.h */ = {isa = PBXFileReference; fileEncoding = 30; lastKnownFileType = sourcecode.c.h; path = impShape.h; sourceTree = "<group>"; };
		E0AA3C8C11E122ED00F84B8B /* impSphere.cpp */ = {isa = PBXFileReference; fileEncoding = 30; lastKnownFileType = sourcecode.cpp.cpp; path = impSphere.cpp; sourceTree = "<group>"; };
		E0AA3C8D11E122ED00F84B8B /* impSphere.h */ = {isa = PBXFileReference; fileEncoding = 30; lastKnownFileType = sourcecode.c.h; path = impSphere.h; sourceTree = "<group>"; };
		E0AA3C8E11E122ED00F84B8B /* impSurface.cpp */ = {isa = PBXFileReference; fileEncoding = 30; lastKnownFileType = sourcecode.cpp.cpp; path = impSurface.cpp; sourceTree = "<group>"; };
		E0AA3C8F11E122ED00F84B8B /* impSurface.h */ = {isa = PBXFileReference; fileEncoding = 30; lastKnownFileType = sourcecode.c.h; path = impSurface.h; sourceTree = "<group>"; };
		E0AA3C9011E122ED00F84B8B /* impTorus.cpp */ = {isa = PBXFileReference; fileEncoding = 30; lastKnownFileType = sourcecode.cpp.cpp; path = impTorus.cpp; sourceTree = "<group>"; };
		E0AA3C9111E122EE00F84B8B /* impTorus.h */ = {isa = PBXFileReference; fileEncoding = 30; lastKnownFileType = sourcecode.c.h; path = impTorus.h; sourceTree = "<group>"; };
		E0CDA05809A8E5C00004FDE6 /* starBurst.cpp */ = {isa = PBXFileReference; fileEncoding = 30; lastKnownFileType = sourcecode.cpp.cpp; path = starBurst.cpp; sourceTree = "<group>"; };
		E0CDA05909A8E5C00004FDE6 /* stretchedParticle.cpp */ = {isa = PBXFileReference; fileEncoding = 30; lastKnownFileType = sourcecode.cpp.cpp; path = stretchedParticle.cpp; sourceTree = "<group>"; };
		E0CDA05A09A8E5C00004FDE6 /* wavyNormalCubeMaps.cpp */ = {isa = PBXFileReference; fileEncoding = 30; lastKnownFileType = sourcecode.cpp.cpp; path = wavyNormalCubeMaps.cpp; sourceTree = "<group>"; };
		E0CDA05B09A8E5C00004FDE6 /* splinePath.cpp */ = {isa = PBXFileReference; fileEncoding = 30; lastKnownFileType = sourcecode.cpp.cpp; path = splinePath.cpp; sourceTree = "<group>"; };
		E0CDA05D09A8E5C00004FDE6 /* flare.cpp */ = {isa = PBXFileReference; fileEncoding = 30; lastKnownFileType = sourcecode.cpp.cpp; path = flare.cpp; sourceTree = "<group>"; };
		E0CDA05E09A8E5C00004FDE6 /* goo.cpp */ = {isa = PBXFileReference; fileEncoding = 30; lastKnownFileType = sourcecode.cpp.cpp; path = goo.cpp; sourceTree = "<group>"; };
		E0CDA05F09A8E5C00004FDE6 /* causticTextures.cpp */ = {isa = PBXFileReference; fileEncoding = 30; lastKnownFileType = sourcecode.cpp.cpp; path = causticTextures.cpp; sourceTree = "<group>"; };
		E0CDA06009A8E5C00004FDE6 /* Hyperspace.cpp */ = {isa = PBXFileReference; fileEncoding = 30; lastKnownFileType = sourcecode.cpp.cpp; path = Hyperspace.cpp; sourceTree = "<group>"; };
		E0CDA06109A8E5C00004FDE6 /* tunnel.cpp */ = {isa = PBXFileReference; fileEncoding = 30; lastKnownFileType = sourcecode.cpp.cpp; path = tunnel.cpp; sourceTree = "<group>"; };
		E0CDA06C09A8E61A0004FDE6 /* causticTextures.h */ = {isa = PBXFileReference; fileEncoding = 30; lastKnownFileType = sourcecode.c.h; path = causticTextures.h; sourceTree = "<group>"; };
		E0CDA07009A8E6250004FDE6 /* flare.h */ = {isa = PBXFileReference; fileEncoding = 30; lastKnownFileType = sourcecode.c.h; path = flare.h; sourceTree = "<group>"; };
		E0CDA07209A8E62A0004FDE6 /* goo.h */ = {isa = PBXFileReference; fileEncoding = 30; lastKnownFileType = sourcecode.c.h; path = goo.h; sourceTree = "<group>"; };
		E0CDA07409A8E6370004FDE6 /* nebulamap.h */ = {isa = PBXFileReference; fileEncoding = 30; lastKnownFileType = sourcecode.c.h; path = nebulamap.h; sourceTree = "<group>"; };
		E0CDA07609A8E6460004FDE6 /* shaders.h */ = {isa = PBXFileReference; fileEncoding = 30; lastKnownFileType = sourcecode.c.h; path = shaders.h; sourceTree = "<group>"; };
		E0CDA07809A8E6510004FDE6 /* splinePath.h */ = {isa = PBXFileReference; fileEncoding = 30; lastKnownFileType = sourcecode.c.h; path = splinePath.h; sourceTree = "<group>"; };
		E0CDA07A09A8E6580004FDE6 /* starBurst.h */ = {isa = PBXFileReference; fileEncoding = 30; lastKnownFileType = sourcecode.c.h; path = starBurst.h; sourceTree = "<group>"; };
		E0CDA07C09A8E65E0004FDE6 /* stretchedParticle.h */ = {isa = PBXFileReference; fileEncoding = 30; lastKnownFileType = sourcecode.c.h; path = stretchedParticle.h; sourceTree = "<group>"; };
		E0CDA07E09A8E6680004FDE6 /* tunnel.h */ = {isa = PBXFileReference; fileEncoding = 30; lastKnownFileType = sourcecode.c.h; path = tunnel.h; sourceTree = "<group>"; };
		E0CDA08009A8E66E0004FDE6 /* wavyNormalCubeMaps.h */ = {isa = PBXFileReference; fileEncoding = 30; lastKnownFileType = sourcecode.c.h; path = wavyNormalCubeMaps.h; sourceTree = "<group>"; };
		E0CDA09409A8E8270004FDE6 /* Hyperspace.h */ = {isa = PBXFileReference; fileEncoding = 4; lastKnownFileType = sourcecode.c.h; path = Hyperspace.h; sourceTree = "<group>"; };
		E0CDA0BB09A8E96B0004FDE6 /* fontmap.h */ = {isa = PBXFileReference; fileEncoding = 30; lastKnownFileType = sourcecode.c.h; path = fontmap.h; sourceTree = "<group>"; };
		E0CDA0BC09A8E96B0004FDE6 /* rsText.cpp */ = {isa = PBXFileReference; fileEncoding = 30; lastKnownFileType = sourcecode.cpp.cpp; path = rsText.cpp; sourceTree = "<group>"; };
		E0CDA0BD09A8E96B0004FDE6 /* rsText.h */ = {isa = PBXFileReference; fileEncoding = 30; lastKnownFileType = sourcecode.c.h; path = rsText.h; sourceTree = "<group>"; };
		E0CDA0C109A8F5C50004FDE6 /* OpenGL.framework */ = {isa = PBXFileReference; lastKnownFileType = wrapper.framework; name = OpenGL.framework; path = /System/Library/Frameworks/OpenGL.framework; sourceTree = "<absolute>"; };
		E0CDA21109A900520004FDE6 /* Rgbhsl.h */ = {isa = PBXFileReference; fileEncoding = 30; lastKnownFileType = sourcecode.c.h; path = Rgbhsl.h; sourceTree = "<group>"; };
		E0CDA21309A900660004FDE6 /* Rgbhsl.cpp */ = {isa = PBXFileReference; fileEncoding = 30; lastKnownFileType = sourcecode.cpp.cpp; path = Rgbhsl.cpp; sourceTree = "<group>"; };
		F50079790118B23001CA0E54 /* HyperspaceView.h */ = {isa = PBXFileReference; fileEncoding = 4; lastKnownFileType = sourcecode.c.h; path = HyperspaceView.h; sourceTree = "<group>"; };
		F500797A0118B23001CA0E54 /* HyperspaceView.mm */ = {isa = PBXFileReference; fileEncoding = 4; lastKnownFileType = sourcecode.cpp.objcpp; path = HyperspaceView.mm; sourceTree = "<group>"; };
/* End PBXFileReference section */

/* Begin PBXFrameworksBuildPhase section */
		8D255ACD0486D3F9007BF209 /* Frameworks */ = {
			isa = PBXFrameworksBuildPhase;
			buildActionMask = 2147483647;
			files = (
				8D255ACE0486D3F9007BF209 /* Cocoa.framework in Frameworks */,
				8D255ACF0486D3F9007BF209 /* ScreenSaver.framework in Frameworks */,
				E0CDA0C209A8F5C50004FDE6 /* OpenGL.framework in Frameworks */,
			);
			runOnlyForDeploymentPostprocessing = 0;
		};
/* End PBXFrameworksBuildPhase section */

/* Begin PBXGroup section */
		089C166AFE841209C02AAC07 /* Hyperspace */ = {
			isa = PBXGroup;
			children = (
				08FB77AFFE84173DC02AAC07 /* Classes */,
				32DBCFA70370C4F300C91783 /* Other Sources */,
				089C167CFE841241C02AAC07 /* Resources */,
				089C1671FE841209C02AAC07 /* Frameworks and Libraries */,
				19C28FB8FE9D52D311CA2CBB /* Products */,
			);
			name = Hyperspace;
			sourceTree = "<group>";
		};
		089C1671FE841209C02AAC07 /* Frameworks and Libraries */ = {
			isa = PBXGroup;
			children = (
				1058C7ACFEA557BF11CA2CBB /* Linked Frameworks */,
				1058C7AEFEA557BF11CA2CBB /* Other Frameworks */,
			);
			name = "Frameworks and Libraries";
			sourceTree = "<group>";
		};
		089C167CFE841241C02AAC07 /* Resources */ = {
			isa = PBXGroup;
			children = (
				E02D512B247B9108008561D1 /* ConfigureSheet.xib */,
				E042195909A973B500E46FE2 /* Localizable.strings */,
				8D255AD20486D3F9007BF209 /* Info.plist */,
				089C167DFE841241C02AAC07 /* InfoPlist.strings */,
				E04FD81C17DC286F00CDEC91 /* thumbnail.png */,
			);
			name = Resources;
			sourceTree = "<group>";
		};
		08FB77AFFE84173DC02AAC07 /* Classes */ = {
			isa = PBXGroup;
			children = (
				F50079790118B23001CA0E54 /* HyperspaceView.h */,
				F500797A0118B23001CA0E54 /* HyperspaceView.mm */,
			);
			name = Classes;
			sourceTree = "<group>";
		};
		1058C7ACFEA557BF11CA2CBB /* Linked Frameworks */ = {
			isa = PBXGroup;
			children = (
				1058C7ADFEA557BF11CA2CBB /* Cocoa.framework */,
				06F27B2DFFEEEFEF11CA0E56 /* ScreenSaver.framework */,
				E0CDA0C109A8F5C50004FDE6 /* OpenGL.framework */,
			);
			name = "Linked Frameworks";
			sourceTree = "<group>";
		};
		1058C7AEFEA557BF11CA2CBB /* Other Frameworks */ = {
			isa = PBXGroup;
			children = (
				089C1672FE841209C02AAC07 /* Foundation.framework */,
				089C167FFE841241C02AAC07 /* AppKit.framework */,
			);
			name = "Other Frameworks";
			sourceTree = "<group>";
		};
		19C28FB8FE9D52D311CA2CBB /* Products */ = {
			isa = PBXGroup;
			children = (
				8D255AD30486D3F9007BF209 /* Hyperspace.saver */,
			);
			name = Products;
			sourceTree = "<group>";
		};
		32DBCFA70370C4F300C91783 /* Other Sources */ = {
			isa = PBXGroup;
			children = (
				E031094F0F60E0CB009FCCA0 /* frsqrt.hh */,
				E0AA3C5511E11C3500F84B8B /* Hyperspace */,
				E0CDA24B09A907E90004FDE6 /* Implicit */,
				E0CDA09809A8E9150004FDE6 /* rsMath */,
				E0CDA0BA09A8E96B0004FDE6 /* rsText */,
				E0CDA20A09A9001E0004FDE6 /* Rgbhsl */,
				E0657DEA11E13B8300B061F8 /* util */,
				32DBCFA80370C50100C91783 /* Hyperspace_Prefix.pch */,
			);
			name = "Other Sources";
			sourceTree = "<group>";
		};
		E0657DEA11E13B8300B061F8 /* util */ = {
			isa = PBXGroup;
			children = (
				E0657DEB11E13B8300B061F8 /* rsTimer.h */,
			);
			path = util;
			sourceTree = "<group>";
		};
		E0AA3C5511E11C3500F84B8B /* Hyperspace */ = {
			isa = PBXGroup;
			children = (
				E0CDA06C09A8E61A0004FDE6 /* causticTextures.h */,
				E0CDA05F09A8E5C00004FDE6 /* causticTextures.cpp */,
				E0AA3C6311E11EFF00F84B8B /* extensions.h */,
				E0AA3C6111E11EEE00F84B8B /* extensions.cpp */,
				E0CDA07009A8E6250004FDE6 /* flare.h */,
				E0CDA05D09A8E5C00004FDE6 /* flare.cpp */,
				E0CDA07209A8E62A0004FDE6 /* goo.h */,
				E0CDA05E09A8E5C00004FDE6 /* goo.cpp */,
				E0CDA09409A8E8270004FDE6 /* Hyperspace.h */,
				E0CDA06009A8E5C00004FDE6 /* Hyperspace.cpp */,
				E0CDA07409A8E6370004FDE6 /* nebulamap.h */,
				E0CDA07609A8E6460004FDE6 /* shaders.h */,
				E0CDA07809A8E6510004FDE6 /* splinePath.h */,
				E0CDA05B09A8E5C00004FDE6 /* splinePath.cpp */,
				E0CDA07A09A8E6580004FDE6 /* starBurst.h */,
				E0CDA05809A8E5C00004FDE6 /* starBurst.cpp */,
				E0CDA07C09A8E65E0004FDE6 /* stretchedParticle.h */,
				E0CDA05909A8E5C00004FDE6 /* stretchedParticle.cpp */,
				E0CDA07E09A8E6680004FDE6 /* tunnel.h */,
				E0CDA06109A8E5C00004FDE6 /* tunnel.cpp */,
				E0CDA08009A8E66E0004FDE6 /* wavyNormalCubeMaps.h */,
				E0CDA05A09A8E5C00004FDE6 /* wavyNormalCubeMaps.cpp */,
			);
			path = Hyperspace;
			sourceTree = "<group>";
		};
		E0CDA09809A8E9150004FDE6 /* rsMath */ = {
			isa = PBXGroup;
			children = (
				E0657CFC11E1261800B061F8 /* rsMath.h */,
				E0657CFD11E1261800B061F8 /* rsMatrix.cpp */,
				E0657CFE11E1261800B061F8 /* rsMatrix.h */,
				E0657CFF11E1261800B061F8 /* rsQuat.cpp */,
				E0657D0011E1261800B061F8 /* rsQuat.h */,
				E0657D0111E1261800B061F8 /* rsTrigonometry.h */,
				E0657D0211E1261800B061F8 /* rsVec.cpp */,
				E0657D0311E1261800B061F8 /* rsVec.h */,
				E0657D0411E1261800B061F8 /* rsVec4.cpp */,
				E0657D0511E1261800B061F8 /* rsVec4.h */,
			);
			path = rsMath;
			sourceTree = "<group>";
		};
		E0CDA0BA09A8E96B0004FDE6 /* rsText */ = {
			isa = PBXGroup;
			children = (
				E0CDA0BB09A8E96B0004FDE6 /* fontmap.h */,
				E0CDA0BD09A8E96B0004FDE6 /* rsText.h */,
				E0CDA0BC09A8E96B0004FDE6 /* rsText.cpp */,
			);
			path = rsText;
			sourceTree = "<group>";
		};
		E0CDA20A09A9001E0004FDE6 /* Rgbhsl */ = {
			isa = PBXGroup;
			children = (
				E0CDA21109A900520004FDE6 /* Rgbhsl.h */,
				E0CDA21309A900660004FDE6 /* Rgbhsl.cpp */,
			);
			path = Rgbhsl;
			sourceTree = "<group>";
		};
		E0CDA24B09A907E90004FDE6 /* Implicit */ = {
			isa = PBXGroup;
			children = (
				E0AA3C7B11E122ED00F84B8B /* impCapsule.cpp */,
				E0AA3C7C11E122ED00F84B8B /* impCapsule.h */,
				E0AA3C7D11E122ED00F84B8B /* impCrawlPoint.h */,
				E0AA3C7E11E122ED00F84B8B /* impCubeTables.cpp */,
				E0AA3C7F11E122ED00F84B8B /* impCubeTables.h */,
				E0AA3C8011E122ED00F84B8B /* impCubeVolume.cpp */,
				E0AA3C8111E122ED00F84B8B /* impCubeVolume.h */,
				E0AA3C8211E122ED00F84B8B /* impEllipsoid.cpp */,
				E0AA3C8311E122ED00F84B8B /* impEllipsoid.h */,
				E0AA3C8411E122ED00F84B8B /* impHexahedron.cpp */,
				E0AA3C8511E122ED00F84B8B /* impHexahedron.h */,
				E0AA3C8611E122ED00F84B8B /* impKnot.cpp */,
				E0AA3C8711E122ED00F84B8B /* impKnot.h */,
				E0AA3C8811E122ED00F84B8B /* impRoundedHexahedron.cpp */,
				E0AA3C8911E122ED00F84B8B /* impRoundedHexahedron.h */,
				E0AA3C8A11E122ED00F84B8B /* impShape.cpp */,
				E0AA3C8B11E122ED00F84B8B /* impShape.h */,
				E0AA3C8C11E122ED00F84B8B /* impSphere.cpp */,
				E0AA3C8D11E122ED00F84B8B /* impSphere.h */,
				E0AA3C8E11E122ED00F84B8B /* impSurface.cpp */,
				E0AA3C8F11E122ED00F84B8B /* impSurface.h */,
				E0AA3C9011E122ED00F84B8B /* impTorus.cpp */,
				E0AA3C9111E122EE00F84B8B /* impTorus.h */,
			);
			path = Implicit;
			sourceTree = "<group>";
		};
/* End PBXGroup section */

/* Begin PBXHeadersBuildPhase section */
		8D255AC60486D3F9007BF209 /* Headers */ = {
			isa = PBXHeadersBuildPhase;
			buildActionMask = 2147483647;
			files = (
				8D255AC70486D3F9007BF209 /* Hyperspace_Prefix.pch in Headers */,
				8D255AC80486D3F9007BF209 /* HyperspaceView.h in Headers */,
				E0CDA06D09A8E61A0004FDE6 /* causticTextures.h in Headers */,
				E0CDA07109A8E6250004FDE6 /* flare.h in Headers */,
				E0CDA07309A8E62A0004FDE6 /* goo.h in Headers */,
				E0CDA07509A8E6370004FDE6 /* nebulamap.h in Headers */,
				E0CDA07709A8E6460004FDE6 /* shaders.h in Headers */,
				E0CDA07909A8E6510004FDE6 /* splinePath.h in Headers */,
				E0CDA07B09A8E6580004FDE6 /* starBurst.h in Headers */,
				E0CDA07D09A8E65E0004FDE6 /* stretchedParticle.h in Headers */,
				E0CDA07F09A8E6680004FDE6 /* tunnel.h in Headers */,
				E0CDA08109A8E66E0004FDE6 /* wavyNormalCubeMaps.h in Headers */,
				E0CDA09509A8E8270004FDE6 /* Hyperspace.h in Headers */,
				E0CDA0BE09A8E96B0004FDE6 /* fontmap.h in Headers */,
				E0CDA0C009A8E96B0004FDE6 /* rsText.h in Headers */,
				E0CDA21209A900520004FDE6 /* Rgbhsl.h in Headers */,
				E03109500F60E0CB009FCCA0 /* frsqrt.hh in Headers */,
				E0AA3C6411E11EFF00F84B8B /* extensions.h in Headers */,
				E0AA3C9311E122EE00F84B8B /* impCapsule.h in Headers */,
				E0AA3C9411E122EE00F84B8B /* impCrawlPoint.h in Headers */,
				E0AA3C9611E122EE00F84B8B /* impCubeTables.h in Headers */,
				E0AA3C9811E122EE00F84B8B /* impCubeVolume.h in Headers */,
				E0AA3C9A11E122EE00F84B8B /* impEllipsoid.h in Headers */,
				E0AA3C9C11E122EE00F84B8B /* impHexahedron.h in Headers */,
				E0AA3C9E11E122EE00F84B8B /* impKnot.h in Headers */,
				E0AA3CA011E122EE00F84B8B /* impRoundedHexahedron.h in Headers */,
				E0AA3CA211E122EE00F84B8B /* impShape.h in Headers */,
				E0AA3CA411E122EE00F84B8B /* impSphere.h in Headers */,
				E0AA3CA611E122EE00F84B8B /* impSurface.h in Headers */,
				E0AA3CA811E122EE00F84B8B /* impTorus.h in Headers */,
				E0657D0611E1261800B061F8 /* rsMath.h in Headers */,
				E0657D0811E1261800B061F8 /* rsMatrix.h in Headers */,
				E0657D0A11E1261800B061F8 /* rsQuat.h in Headers */,
				E0657D0B11E1261800B061F8 /* rsTrigonometry.h in Headers */,
				E0657D0D11E1261800B061F8 /* rsVec.h in Headers */,
				E0657D0F11E1261800B061F8 /* rsVec4.h in Headers */,
				E0657DEC11E13B8300B061F8 /* rsTimer.h in Headers */,
			);
			runOnlyForDeploymentPostprocessing = 0;
		};
/* End PBXHeadersBuildPhase section */

/* Begin PBXNativeTarget section */
		8D255AC50486D3F9007BF209 /* Hyperspace */ = {
			isa = PBXNativeTarget;
			buildConfigurationList = EF7AD72D08BB986600CE4634 /* Build configuration list for PBXNativeTarget "Hyperspace" */;
			buildPhases = (
				8D255AC60486D3F9007BF209 /* Headers */,
				8D255AC90486D3F9007BF209 /* Resources */,
				8D255ACB0486D3F9007BF209 /* Sources */,
				8D255ACD0486D3F9007BF209 /* Frameworks */,
				8D255AD00486D3F9007BF209 /* Rez */,
			);
			buildRules = (
			);
			dependencies = (
			);
			name = Hyperspace;
			productInstallPath = "$(HOME)/Library/Screen Savers";
			productName = Hyperspace;
			productReference = 8D255AD30486D3F9007BF209 /* Hyperspace.saver */;
			productType = "com.apple.product-type.bundle";
		};
/* End PBXNativeTarget section */

/* Begin PBXProject section */
		089C1669FE841209C02AAC07 /* Project object */ = {
			isa = PBXProject;
			attributes = {
				LastUpgradeCheck = 1150;
				TargetAttributes = {
					8D255AC50486D3F9007BF209 = {
						DevelopmentTeam = 8D98N325TG;
					};
				};
			};
			buildConfigurationList = EF7AD73108BB986600CE4634 /* Build configuration list for PBXProject "Hyperspace" */;
			compatibilityVersion = "Xcode 3.2";
			developmentRegion = en;
			hasScannedForEncodings = 1;
			knownRegions = (
				en,
				Base,
				de,
				fr,
			);
			mainGroup = 089C166AFE841209C02AAC07 /* Hyperspace */;
			projectDirPath = "";
			projectRoot = "";
			targets = (
				8D255AC50486D3F9007BF209 /* Hyperspace */,
			);
		};
/* End PBXProject section */

/* Begin PBXResourcesBuildPhase section */
		8D255AC90486D3F9007BF209 /* Resources */ = {
			isa = PBXResourcesBuildPhase;
			buildActionMask = 2147483647;
			files = (
				8D255ACA0486D3F9007BF209 /* InfoPlist.strings in Resources */,
				E042195B09A973B500E46FE2 /* Localizable.strings in Resources */,
				E02D5129247B9108008561D1 /* ConfigureSheet.xib in Resources */,
				E04FD81D17DC286F00CDEC91 /* thumbnail.png in Resources */,
			);
			runOnlyForDeploymentPostprocessing = 0;
		};
/* End PBXResourcesBuildPhase section */

/* Begin PBXRezBuildPhase section */
		8D255AD00486D3F9007BF209 /* Rez */ = {
			isa = PBXRezBuildPhase;
			buildActionMask = 2147483647;
			files = (
			);
			runOnlyForDeploymentPostprocessing = 0;
		};
/* End PBXRezBuildPhase section */

/* Begin PBXSourcesBuildPhase section */
		8D255ACB0486D3F9007BF209 /* Sources */ = {
			isa = PBXSourcesBuildPhase;
			buildActionMask = 2147483647;
			files = (
				8D255ACC0486D3F9007BF209 /* HyperspaceView.mm in Sources */,
				E0CDA06209A8E5C00004FDE6 /* starBurst.cpp in Sources */,
				E0CDA06309A8E5C00004FDE6 /* stretchedParticle.cpp in Sources */,
				E0CDA06409A8E5C00004FDE6 /* wavyNormalCubeMaps.cpp in Sources */,
				E0CDA06509A8E5C00004FDE6 /* splinePath.cpp in Sources */,
				E0CDA06709A8E5C00004FDE6 /* flare.cpp in Sources */,
				E0CDA06809A8E5C00004FDE6 /* goo.cpp in Sources */,
				E0CDA06909A8E5C00004FDE6 /* causticTextures.cpp in Sources */,
				E0CDA06A09A8E5C00004FDE6 /* Hyperspace.cpp in Sources */,
				E0CDA06B09A8E5C00004FDE6 /* tunnel.cpp in Sources */,
				E0CDA0BF09A8E96B0004FDE6 /* rsText.cpp in Sources */,
				E0CDA21409A900660004FDE6 /* Rgbhsl.cpp in Sources */,
				E0AA3C6211E11EEE00F84B8B /* extensions.cpp in Sources */,
				E0AA3C9211E122EE00F84B8B /* impCapsule.cpp in Sources */,
				E0AA3C9511E122EE00F84B8B /* impCubeTables.cpp in Sources */,
				E0AA3C9711E122EE00F84B8B /* impCubeVolume.cpp in Sources */,
				E0AA3C9911E122EE00F84B8B /* impEllipsoid.cpp in Sources */,
				E0AA3C9B11E122EE00F84B8B /* impHexahedron.cpp in Sources */,
				E0AA3C9D11E122EE00F84B8B /* impKnot.cpp in Sources */,
				E0AA3C9F11E122EE00F84B8B /* impRoundedHexahedron.cpp in Sources */,
				E0AA3CA111E122EE00F84B8B /* impShape.cpp in Sources */,
				E0AA3CA311E122EE00F84B8B /* impSphere.cpp in Sources */,
				E0AA3CA511E122EE00F84B8B /* impSurface.cpp in Sources */,
				E0AA3CA711E122EE00F84B8B /* impTorus.cpp in Sources */,
				E0657D0711E1261800B061F8 /* rsMatrix.cpp in Sources */,
				E0657D0911E1261800B061F8 /* rsQuat.cpp in Sources */,
				E0657D0C11E1261800B061F8 /* rsVec.cpp in Sources */,
				E0657D0E11E1261800B061F8 /* rsVec4.cpp in Sources */,
			);
			runOnlyForDeploymentPostprocessing = 0;
		};
/* End PBXSourcesBuildPhase section */

/* Begin PBXVariantGroup section */
		089C167DFE841241C02AAC07 /* InfoPlist.strings */ = {
			isa = PBXVariantGroup;
			children = (
				E02D5120247B8EC2008561D1 /* de */,
				E02D5122247B8EC8008561D1 /* en */,
				E02D5125247B8ECC008561D1 /* fr */,
			);
			name = InfoPlist.strings;
			sourceTree = "<group>";
		};
		E02D512B247B9108008561D1 /* ConfigureSheet.xib */ = {
			isa = PBXVariantGroup;
			children = (
				E02D512A247B9108008561D1 /* Base */,
				E02D512D247B9113008561D1 /* fr */,
				E02D512F247B9118008561D1 /* de */,
			);
			name = ConfigureSheet.xib;
			sourceTree = "<group>";
		};
		E042195909A973B500E46FE2 /* Localizable.strings */ = {
			isa = PBXVariantGroup;
			children = (
				E02D5121247B8EC2008561D1 /* de */,
				E02D5123247B8EC8008561D1 /* en */,
				E02D5126247B8ECC008561D1 /* fr */,
			);
			name = Localizable.strings;
			sourceTree = "<group>";
		};
/* End PBXVariantGroup section */

/* Begin XCBuildConfiguration section */
		EF7AD72E08BB986600CE4634 /* Debug */ = {
			isa = XCBuildConfiguration;
			buildSettings = {
				ALWAYS_SEARCH_USER_PATHS = NO;
				CLANG_ENABLE_OBJC_ARC = YES;
				CLANG_ENABLE_OBJC_WEAK = YES;
				COMBINE_HIDPI_IMAGES = YES;
				COPY_PHASE_STRIP = NO;
				DEVELOPMENT_TEAM = 8D98N325TG;
				ENABLE_HARDENED_RUNTIME = YES;
				GCC_DYNAMIC_NO_PIC = NO;
				GCC_OPTIMIZATION_LEVEL = 0;
				GCC_PRECOMPILE_PREFIX_HEADER = YES;
				GCC_PREFIX_HEADER = Hyperspace_Prefix.pch;
				HEADER_SEARCH_PATHS = "$(PROJECT_DIR)";
				INFOPLIST_FILE = Info.plist;
				INSTALL_PATH = "$(HOME)/Library/Screen Savers";
				PRODUCT_BUNDLE_IDENTIFIER = com.reallyslick.Hyperspace;
				PRODUCT_NAME = Hyperspace;
				SDKROOT = macosx;
				WRAPPER_EXTENSION = saver;
			};
			name = Debug;
		};
		EF7AD72F08BB986600CE4634 /* Release */ = {
			isa = XCBuildConfiguration;
			buildSettings = {
				ALWAYS_SEARCH_USER_PATHS = NO;
				CLANG_ENABLE_OBJC_ARC = YES;
				CLANG_ENABLE_OBJC_WEAK = YES;
				CODE_SIGN_IDENTITY = "Developer ID Application";
				COMBINE_HIDPI_IMAGES = YES;
				DEBUG_INFORMATION_FORMAT = "dwarf-with-dsym";
				DEVELOPMENT_TEAM = 8D98N325TG;
				ENABLE_HARDENED_RUNTIME = YES;
				GCC_FAST_MATH = YES;
				GCC_GENERATE_DEBUGGING_SYMBOLS = YES;
				GCC_OPTIMIZATION_LEVEL = 3;
				GCC_PRECOMPILE_PREFIX_HEADER = YES;
				GCC_PREFIX_HEADER = Hyperspace_Prefix.pch;
				HEADER_SEARCH_PATHS = "$(PROJECT_DIR)";
				INFOPLIST_FILE = Info.plist;
				INSTALL_PATH = "$(HOME)/Library/Screen Savers";
				PRODUCT_BUNDLE_IDENTIFIER = com.reallyslick.Hyperspace;
				PRODUCT_NAME = Hyperspace;
				SDKROOT = macosx;
				WRAPPER_EXTENSION = saver;
			};
			name = Release;
		};
		EF7AD73208BB986600CE4634 /* Debug */ = {
			isa = XCBuildConfiguration;
			buildSettings = {
				CLANG_ANALYZER_LOCALIZABILITY_NONLOCALIZED = YES;
				CLANG_WARN_BLOCK_CAPTURE_AUTORELEASING = YES;
				CLANG_WARN_BOOL_CONVERSION = YES;
				CLANG_WARN_COMMA = YES;
				CLANG_WARN_CONSTANT_CONVERSION = YES;
				CLANG_WARN_DEPRECATED_OBJC_IMPLEMENTATIONS = YES;
				CLANG_WARN_EMPTY_BODY = YES;
				CLANG_WARN_ENUM_CONVERSION = YES;
				CLANG_WARN_INFINITE_RECURSION = YES;
				CLANG_WARN_INT_CONVERSION = YES;
				CLANG_WARN_NON_LITERAL_NULL_CONVERSION = YES;
				CLANG_WARN_OBJC_IMPLICIT_RETAIN_SELF = YES;
				CLANG_WARN_OBJC_LITERAL_CONVERSION = YES;
				CLANG_WARN_RANGE_LOOP_ANALYSIS = YES;
				CLANG_WARN_STRICT_PROTOTYPES = YES;
				CLANG_WARN_SUSPICIOUS_MOVE = YES;
				CLANG_WARN_UNREACHABLE_CODE = YES;
				CLANG_WARN__DUPLICATE_METHOD_MATCH = YES;
				ENABLE_STRICT_OBJC_MSGSEND = YES;
				ENABLE_TESTABILITY = YES;
				GCC_C_LANGUAGE_STANDARD = gnu99;
				"GCC_ENABLE_OBJC_GC[arch=x86_64]" = supported;
				"GCC_FAST_OBJC_DISPATCH[arch=ppc]" = NO;
				GCC_NO_COMMON_BLOCKS = YES;
				GCC_WARN_64_TO_32_BIT_CONVERSION = YES;
				GCC_WARN_ABOUT_RETURN_TYPE = YES;
				GCC_WARN_UNDECLARED_SELECTOR = YES;
				GCC_WARN_UNINITIALIZED_AUTOS = YES;
				GCC_WARN_UNUSED_FUNCTION = YES;
				GCC_WARN_UNUSED_VARIABLE = YES;
				MACOSX_DEPLOYMENT_TARGET = 10.9;
				ONLY_ACTIVE_ARCH = YES;
				WARNING_CFLAGS = (
					"-Wmost",
					"-Wno-missing-braces",
				);
			};
			name = Debug;
		};
		EF7AD73308BB986600CE4634 /* Release */ = {
			isa = XCBuildConfiguration;
			buildSettings = {
				CLANG_ANALYZER_LOCALIZABILITY_NONLOCALIZED = YES;
				CLANG_WARN_BLOCK_CAPTURE_AUTORELEASING = YES;
				CLANG_WARN_BOOL_CONVERSION = YES;
				CLANG_WARN_COMMA = YES;
				CLANG_WARN_CONSTANT_CONVERSION = YES;
				CLANG_WARN_DEPRECATED_OBJC_IMPLEMENTATIONS = YES;
				CLANG_WARN_EMPTY_BODY = YES;
				CLANG_WARN_ENUM_CONVERSION = YES;
				CLANG_WARN_INFINITE_RECURSION = YES;
				CLANG_WARN_INT_CONVERSION = YES;
				CLANG_WARN_NON_LITERAL_NULL_CONVERSION = YES;
				CLANG_WARN_OBJC_IMPLICIT_RETAIN_SELF = YES;
				CLANG_WARN_OBJC_LITERAL_CONVERSION = YES;
				CLANG_WARN_RANGE_LOOP_ANALYSIS = YES;
				CLANG_WARN_STRICT_PROTOTYPES = YES;
				CLANG_WARN_SUSPICIOUS_MOVE = YES;
				CLANG_WARN_UNREACHABLE_CODE = YES;
				CLANG_WARN__DUPLICATE_METHOD_MATCH = YES;
				ENABLE_STRICT_OBJC_MSGSEND = YES;
				GCC_C_LANGUAGE_STANDARD = gnu99;
				"GCC_ENABLE_OBJC_GC[arch=x86_64]" = supported;
				"GCC_FAST_OBJC_DISPATCH[arch=ppc]" = NO;
				GCC_NO_COMMON_BLOCKS = YES;
				GCC_WARN_64_TO_32_BIT_CONVERSION = YES;
				GCC_WARN_ABOUT_RETURN_TYPE = YES;
				GCC_WARN_UNDECLARED_SELECTOR = YES;
				GCC_WARN_UNINITIALIZED_AUTOS = YES;
				GCC_WARN_UNUSED_FUNCTION = YES;
				GCC_WARN_UNUSED_VARIABLE = YES;
				MACOSX_DEPLOYMENT_TARGET = 10.9;
				WARNING_CFLAGS = (
					"-Wmost",
					"-Wno-missing-braces",
				);
			};
			name = Release;
		};
/* End XCBuildConfiguration section */

/* Begin XCConfigurationList section */
		EF7AD72D08BB986600CE4634 /* Build configuration list for PBXNativeTarget "Hyperspace" */ = {
			isa = XCConfigurationList;
			buildConfigurations = (
				EF7AD72E08BB986600CE4634 /* Debug */,
				EF7AD72F08BB986600CE4634 /* Release */,
			);
			defaultConfigurationIsVisible = 0;
			defaultConfigurationName = Release;
		};
		EF7AD73108BB986600CE4634 /* Build configuration list for PBXProject "Hyperspace" */ = {
			isa = XCConfigurationList;
			buildConfigurations = (
				EF7AD73208BB986600CE4634 /* Debug */,
				EF7AD73308BB986600CE4634 /* Release */,
			);
			defaultConfigurationIsVisible = 0;
			defaultConfigurationName = Release;
		};
/* End XCConfigurationList section */
	};
	rootObject = 089C1669FE841209C02AAC07 /* Project object */;
}
