// !$*UTF8*$!
{
	archiveVersion = 1;
	classes = {
	};
	objectVersion = 45;
	objects = {

/* Begin PBXBuildFile section */
		8D255AC70486D3F9007BF209 /* Hyperspace_Prefix.pch in Headers */ = {isa = PBXBuildFile; fileRef = 32DBCFA80370C50100C91783 /* Hyperspace_Prefix.pch */; };
		8D255AC80486D3F9007BF209 /* HyperspaceView.h in Headers */ = {isa = PBXBuildFile; fileRef = F50079790118B23001CA0E54 /* HyperspaceView.h */; };
		8D255ACA0486D3F9007BF209 /* InfoPlist.strings in Resources */ = {isa = PBXBuildFile; fileRef = 089C167DFE841241C02AAC07 /* InfoPlist.strings */; };
		8D255ACC0486D3F9007BF209 /* HyperspaceView.mm in Sources */ = {isa = PBXBuildFile; fileRef = F500797A0118B23001CA0E54 /* HyperspaceView.mm */; };
		8D255ACE0486D3F9007BF209 /* Cocoa.framework in Frameworks */ = {isa = PBXBuildFile; fileRef = 1058C7ADFEA557BF11CA2CBB /* Cocoa.framework */; };
		8D255ACF0486D3F9007BF209 /* ScreenSaver.framework in Frameworks */ = {isa = PBXBuildFile; fileRef = 06F27B2DFFEEEFEF11CA0E56 /* ScreenSaver.framework */; };
		E03109500F60E0CB009FCCA0 /* frsqrt.hh in Headers */ = {isa = PBXBuildFile; fileRef = E031094F0F60E0CB009FCCA0 /* frsqrt.hh */; };
		E042195B09A973B500E46FE2 /* Localizable.strings in Resources */ = {isa = PBXBuildFile; fileRef = E042195909A973B500E46FE2 /* Localizable.strings */; };
		E0BA139C09CE111D00312D77 /* MacHelperFunctions.h in Headers */ = {isa = PBXBuildFile; fileRef = E0BA139A09CE111D00312D77 /* MacHelperFunctions.h */; };
		E0BA139D09CE111D00312D77 /* MacHelperFunctions.mm in Sources */ = {isa = PBXBuildFile; fileRef = E0BA139B09CE111D00312D77 /* MacHelperFunctions.mm */; };
		E0CDA06209A8E5C00004FDE6 /* starBurst.cpp in Sources */ = {isa = PBXBuildFile; fileRef = E0CDA05809A8E5C00004FDE6 /* starBurst.cpp */; };
		E0CDA06309A8E5C00004FDE6 /* stretchedParticle.cpp in Sources */ = {isa = PBXBuildFile; fileRef = E0CDA05909A8E5C00004FDE6 /* stretchedParticle.cpp */; };
		E0CDA06409A8E5C00004FDE6 /* wavyNormalCubeMaps.cpp in Sources */ = {isa = PBXBuildFile; fileRef = E0CDA05A09A8E5C00004FDE6 /* wavyNormalCubeMaps.cpp */; };
		E0CDA06509A8E5C00004FDE6 /* splinePath.cpp in Sources */ = {isa = PBXBuildFile; fileRef = E0CDA05B09A8E5C00004FDE6 /* splinePath.cpp */; };
		E0CDA06709A8E5C00004FDE6 /* flare.cpp in Sources */ = {isa = PBXBuildFile; fileRef = E0CDA05D09A8E5C00004FDE6 /* flare.cpp */; };
		E0CDA06809A8E5C00004FDE6 /* goo.cpp in Sources */ = {isa = PBXBuildFile; fileRef = E0CDA05E09A8E5C00004FDE6 /* goo.cpp */; };
		E0CDA06909A8E5C00004FDE6 /* causticTextures.cpp in Sources */ = {isa = PBXBuildFile; fileRef = E0CDA05F09A8E5C00004FDE6 /* causticTextures.cpp */; };
		E0CDA06A09A8E5C00004FDE6 /* Hyperspace.cpp in Sources */ = {isa = PBXBuildFile; fileRef = E0CDA06009A8E5C00004FDE6 /* Hyperspace.cpp */; };
		E0CDA06B09A8E5C00004FDE6 /* tunnel.cpp in Sources */ = {isa = PBXBuildFile; fileRef = E0CDA06109A8E5C00004FDE6 /* tunnel.cpp */; };
		E0CDA06D09A8E61A0004FDE6 /* causticTextures.h in Headers */ = {isa = PBXBuildFile; fileRef = E0CDA06C09A8E61A0004FDE6 /* causticTextures.h */; };
		E0CDA07109A8E6250004FDE6 /* flare.h in Headers */ = {isa = PBXBuildFile; fileRef = E0CDA07009A8E6250004FDE6 /* flare.h */; };
		E0CDA07309A8E62A0004FDE6 /* goo.h in Headers */ = {isa = PBXBuildFile; fileRef = E0CDA07209A8E62A0004FDE6 /* goo.h */; };
		E0CDA07509A8E6370004FDE6 /* nebulamap.h in Headers */ = {isa = PBXBuildFile; fileRef = E0CDA07409A8E6370004FDE6 /* nebulamap.h */; };
		E0CDA07709A8E6460004FDE6 /* shaders.h in Headers */ = {isa = PBXBuildFile; fileRef = E0CDA07609A8E6460004FDE6 /* shaders.h */; };
		E0CDA07909A8E6510004FDE6 /* splinePath.h in Headers */ = {isa = PBXBuildFile; fileRef = E0CDA07809A8E6510004FDE6 /* splinePath.h */; };
		E0CDA07B09A8E6580004FDE6 /* starBurst.h in Headers */ = {isa = PBXBuildFile; fileRef = E0CDA07A09A8E6580004FDE6 /* starBurst.h */; };
		E0CDA07D09A8E65E0004FDE6 /* stretchedParticle.h in Headers */ = {isa = PBXBuildFile; fileRef = E0CDA07C09A8E65E0004FDE6 /* stretchedParticle.h */; };
		E0CDA07F09A8E6680004FDE6 /* tunnel.h in Headers */ = {isa = PBXBuildFile; fileRef = E0CDA07E09A8E6680004FDE6 /* tunnel.h */; };
		E0CDA08109A8E66E0004FDE6 /* wavyNormalCubeMaps.h in Headers */ = {isa = PBXBuildFile; fileRef = E0CDA08009A8E66E0004FDE6 /* wavyNormalCubeMaps.h */; };
		E0CDA09509A8E8270004FDE6 /* Hyperspace.h in Headers */ = {isa = PBXBuildFile; fileRef = E0CDA09409A8E8270004FDE6 /* Hyperspace.h */; };
		E0CDA0A709A8E9150004FDE6 /* rsDefines.h in Headers */ = {isa = PBXBuildFile; fileRef = E0CDA09909A8E9150004FDE6 /* rsDefines.h */; };
		E0CDA0AA09A8E9150004FDE6 /* rsMath.h in Headers */ = {isa = PBXBuildFile; fileRef = E0CDA09C09A8E9150004FDE6 /* rsMath.h */; };
		E0CDA0AE09A8E9150004FDE6 /* rsMatrix.cpp in Sources */ = {isa = PBXBuildFile; fileRef = E0CDA0A009A8E9150004FDE6 /* rsMatrix.cpp */; };
		E0CDA0AF09A8E9150004FDE6 /* rsMatrix.h in Headers */ = {isa = PBXBuildFile; fileRef = E0CDA0A109A8E9150004FDE6 /* rsMatrix.h */; };
		E0CDA0B009A8E9150004FDE6 /* rsQuat.cpp in Sources */ = {isa = PBXBuildFile; fileRef = E0CDA0A209A8E9150004FDE6 /* rsQuat.cpp */; };
		E0CDA0B109A8E9150004FDE6 /* rsQuat.h in Headers */ = {isa = PBXBuildFile; fileRef = E0CDA0A309A8E9150004FDE6 /* rsQuat.h */; };
		E0CDA0B209A8E9150004FDE6 /* rsTrigonometry.h in Headers */ = {isa = PBXBuildFile; fileRef = E0CDA0A409A8E9150004FDE6 /* rsTrigonometry.h */; };
		E0CDA0B309A8E9150004FDE6 /* rsVec.cpp in Sources */ = {isa = PBXBuildFile; fileRef = E0CDA0A509A8E9150004FDE6 /* rsVec.cpp */; };
		E0CDA0B409A8E9150004FDE6 /* rsVec.h in Headers */ = {isa = PBXBuildFile; fileRef = E0CDA0A609A8E9150004FDE6 /* rsVec.h */; };
		E0CDA0BE09A8E96B0004FDE6 /* fontmap.h in Headers */ = {isa = PBXBuildFile; fileRef = E0CDA0BB09A8E96B0004FDE6 /* fontmap.h */; };
		E0CDA0BF09A8E96B0004FDE6 /* rsText.cpp in Sources */ = {isa = PBXBuildFile; fileRef = E0CDA0BC09A8E96B0004FDE6 /* rsText.cpp */; };
		E0CDA0C009A8E96B0004FDE6 /* rsText.h in Headers */ = {isa = PBXBuildFile; fileRef = E0CDA0BD09A8E96B0004FDE6 /* rsText.h */; };
		E0CDA0C209A8F5C50004FDE6 /* OpenGL.framework in Frameworks */ = {isa = PBXBuildFile; fileRef = E0CDA0C109A8F5C50004FDE6 /* OpenGL.framework */; };
		E0CDA21209A900520004FDE6 /* Rgbhsl.h in Headers */ = {isa = PBXBuildFile; fileRef = E0CDA21109A900520004FDE6 /* Rgbhsl.h */; };
		E0CDA21409A900660004FDE6 /* Rgbhsl.cpp in Sources */ = {isa = PBXBuildFile; fileRef = E0CDA21309A900660004FDE6 /* Rgbhsl.cpp */; };
		E0CDA25509A907E90004FDE6 /* impCubeTables.cpp in Sources */ = {isa = PBXBuildFile; fileRef = E0CDA24C09A907E90004FDE6 /* impCubeTables.cpp */; };
		E0CDA25609A907E90004FDE6 /* impCubeVolume.cpp in Sources */ = {isa = PBXBuildFile; fileRef = E0CDA24D09A907E90004FDE6 /* impCubeVolume.cpp */; };
		E0CDA25709A907E90004FDE6 /* impEllipsoid.cpp in Sources */ = {isa = PBXBuildFile; fileRef = E0CDA24E09A907E90004FDE6 /* impEllipsoid.cpp */; };
		E0CDA25809A907E90004FDE6 /* impHexahedron.cpp in Sources */ = {isa = PBXBuildFile; fileRef = E0CDA24F09A907E90004FDE6 /* impHexahedron.cpp */; };
		E0CDA25909A907E90004FDE6 /* impKnot.cpp in Sources */ = {isa = PBXBuildFile; fileRef = E0CDA25009A907E90004FDE6 /* impKnot.cpp */; };
		E0CDA25A09A907E90004FDE6 /* impShape.cpp in Sources */ = {isa = PBXBuildFile; fileRef = E0CDA25109A907E90004FDE6 /* impShape.cpp */; };
		E0CDA25B09A907E90004FDE6 /* impSphere.cpp in Sources */ = {isa = PBXBuildFile; fileRef = E0CDA25209A907E90004FDE6 /* impSphere.cpp */; };
		E0CDA25C09A907E90004FDE6 /* impSurface.cpp in Sources */ = {isa = PBXBuildFile; fileRef = E0CDA25309A907E90004FDE6 /* impSurface.cpp */; };
		E0CDA25D09A907E90004FDE6 /* impTorus.cpp in Sources */ = {isa = PBXBuildFile; fileRef = E0CDA25409A907E90004FDE6 /* impTorus.cpp */; };
		E0CDA25F09A908010004FDE6 /* impCrawlPoint.h in Headers */ = {isa = PBXBuildFile; fileRef = E0CDA25E09A908010004FDE6 /* impCrawlPoint.h */; };
		E0CDA26109A908070004FDE6 /* impCubeTables.h in Headers */ = {isa = PBXBuildFile; fileRef = E0CDA26009A908070004FDE6 /* impCubeTables.h */; };
		E0CDA26309A9080D0004FDE6 /* impCubeVolume.h in Headers */ = {isa = PBXBuildFile; fileRef = E0CDA26209A9080D0004FDE6 /* impCubeVolume.h */; };
		E0CDA26509A908110004FDE6 /* impEllipsoid.h in Headers */ = {isa = PBXBuildFile; fileRef = E0CDA26409A908110004FDE6 /* impEllipsoid.h */; };
		E0CDA26709A908140004FDE6 /* impHexahedron.h in Headers */ = {isa = PBXBuildFile; fileRef = E0CDA26609A908140004FDE6 /* impHexahedron.h */; };
		E0CDA26909A908170004FDE6 /* impKnot.h in Headers */ = {isa = PBXBuildFile; fileRef = E0CDA26809A908170004FDE6 /* impKnot.h */; };
		E0CDA26B09A9081C0004FDE6 /* impShape.h in Headers */ = {isa = PBXBuildFile; fileRef = E0CDA26A09A9081C0004FDE6 /* impShape.h */; };
		E0CDA26D09A908210004FDE6 /* impSphere.h in Headers */ = {isa = PBXBuildFile; fileRef = E0CDA26C09A908210004FDE6 /* impSphere.h */; };
		E0CDA26F09A908270004FDE6 /* impSurface.h in Headers */ = {isa = PBXBuildFile; fileRef = E0CDA26E09A908270004FDE6 /* impSurface.h */; };
		E0CDA27109A9082A0004FDE6 /* impTorus.h in Headers */ = {isa = PBXBuildFile; fileRef = E0CDA27009A9082A0004FDE6 /* impTorus.h */; };
		E0CDA30409A928E40004FDE6 /* ConfigureSheet.nib in Resources */ = {isa = PBXBuildFile; fileRef = E0CDA30209A928E40004FDE6 /* ConfigureSheet.nib */; };
/* End PBXBuildFile section */

/* Begin PBXFileReference section */
		06F27B2DFFEEEFEF11CA0E56 /* ScreenSaver.framework */ = {isa = PBXFileReference; lastKnownFileType = wrapper.framework; name = ScreenSaver.framework; path = /System/Library/Frameworks/ScreenSaver.framework; sourceTree = "<absolute>"; };
		089C1672FE841209C02AAC07 /* Foundation.framework */ = {isa = PBXFileReference; lastKnownFileType = wrapper.framework; name = Foundation.framework; path = /System/Library/Frameworks/Foundation.framework; sourceTree = "<absolute>"; };
		089C167EFE841241C02AAC07 /* English */ = {isa = PBXFileReference; fileEncoding = 10; lastKnownFileType = text.plist.strings; name = English; path = English.lproj/InfoPlist.strings; sourceTree = "<group>"; };
		089C167FFE841241C02AAC07 /* AppKit.framework */ = {isa = PBXFileReference; lastKnownFileType = wrapper.framework; name = AppKit.framework; path = /System/Library/Frameworks/AppKit.framework; sourceTree = "<absolute>"; };
		1058C7ADFEA557BF11CA2CBB /* Cocoa.framework */ = {isa = PBXFileReference; lastKnownFileType = wrapper.framework; name = Cocoa.framework; path = /System/Library/Frameworks/Cocoa.framework; sourceTree = "<absolute>"; };
		32DBCFA80370C50100C91783 /* Hyperspace_Prefix.pch */ = {isa = PBXFileReference; fileEncoding = 4; lastKnownFileType = sourcecode.c.h; path = Hyperspace_Prefix.pch; sourceTree = "<group>"; };
		8D255AD20486D3F9007BF209 /* Info.plist */ = {isa = PBXFileReference; fileEncoding = 4; lastKnownFileType = text.plist; path = Info.plist; sourceTree = "<group>"; };
		8D255AD30486D3F9007BF209 /* Hyperspace.saver */ = {isa = PBXFileReference; explicitFileType = wrapper.cfbundle; includeInIndex = 0; path = Hyperspace.saver; sourceTree = BUILT_PRODUCTS_DIR; };
		E031094F0F60E0CB009FCCA0 /* frsqrt.hh */ = {isa = PBXFileReference; fileEncoding = 30; lastKnownFileType = sourcecode.cpp.h; path = frsqrt.hh; sourceTree = "<group>"; };
		E042195A09A973B500E46FE2 /* English */ = {isa = PBXFileReference; fileEncoding = 10; lastKnownFileType = text.plist.strings; name = English; path = English.lproj/Localizable.strings; sourceTree = "<group>"; };
		E05D36B00E2A8DE6000F03B2 /* German */ = {isa = PBXFileReference; lastKnownFileType = wrapper.nib; name = German; path = German.lproj/ConfigureSheet.nib; sourceTree = "<group>"; };
		E05D36B20E2A8E04000F03B2 /* German */ = {isa = PBXFileReference; lastKnownFileType = text.plist.strings; name = German; path = German.lproj/Localizable.strings; sourceTree = "<group>"; };
		E05D36B40E2A8E21000F03B2 /* German */ = {isa = PBXFileReference; lastKnownFileType = text.plist.strings; name = German; path = German.lproj/InfoPlist.strings; sourceTree = "<group>"; };
		E09A9EC50A5A051400322A8A /* French */ = {isa = PBXFileReference; lastKnownFileType = wrapper.nib; name = French; path = French.lproj/ConfigureSheet.nib; sourceTree = "<group>"; };
		E09A9ECA0A5A052000322A8A /* French */ = {isa = PBXFileReference; lastKnownFileType = text.plist.strings; name = French; path = French.lproj/Localizable.strings; sourceTree = "<group>"; };
		E09A9ECB0A5A052C00322A8A /* French */ = {isa = PBXFileReference; lastKnownFileType = text.plist.strings; name = French; path = French.lproj/InfoPlist.strings; sourceTree = "<group>"; };
		E0BA139A09CE111D00312D77 /* MacHelperFunctions.h */ = {isa = PBXFileReference; fileEncoding = 4; lastKnownFileType = sourcecode.c.h; path = MacHelperFunctions.h; sourceTree = "<group>"; };
		E0BA139B09CE111D00312D77 /* MacHelperFunctions.mm */ = {isa = PBXFileReference; fileEncoding = 4; lastKnownFileType = sourcecode.cpp.objcpp; path = MacHelperFunctions.mm; sourceTree = "<group>"; };
		E0CDA05809A8E5C00004FDE6 /* starBurst.cpp */ = {isa = PBXFileReference; fileEncoding = 30; lastKnownFileType = sourcecode.cpp.cpp; path = starBurst.cpp; sourceTree = "<group>"; };
		E0CDA05909A8E5C00004FDE6 /* stretchedParticle.cpp */ = {isa = PBXFileReference; fileEncoding = 30; lastKnownFileType = sourcecode.cpp.cpp; path = stretchedParticle.cpp; sourceTree = "<group>"; };
		E0CDA05A09A8E5C00004FDE6 /* wavyNormalCubeMaps.cpp */ = {isa = PBXFileReference; fileEncoding = 30; lastKnownFileType = sourcecode.cpp.cpp; path = wavyNormalCubeMaps.cpp; sourceTree = "<group>"; };
		E0CDA05B09A8E5C00004FDE6 /* splinePath.cpp */ = {isa = PBXFileReference; fileEncoding = 30; lastKnownFileType = sourcecode.cpp.cpp; path = splinePath.cpp; sourceTree = "<group>"; };
		E0CDA05D09A8E5C00004FDE6 /* flare.cpp */ = {isa = PBXFileReference; fileEncoding = 30; lastKnownFileType = sourcecode.cpp.cpp; path = flare.cpp; sourceTree = "<group>"; };
		E0CDA05E09A8E5C00004FDE6 /* goo.cpp */ = {isa = PBXFileReference; fileEncoding = 30; lastKnownFileType = sourcecode.cpp.cpp; path = goo.cpp; sourceTree = "<group>"; };
		E0CDA05F09A8E5C00004FDE6 /* causticTextures.cpp */ = {isa = PBXFileReference; fileEncoding = 30; lastKnownFileType = sourcecode.cpp.cpp; path = causticTextures.cpp; sourceTree = "<group>"; };
		E0CDA06009A8E5C00004FDE6 /* Hyperspace.cpp */ = {isa = PBXFileReference; fileEncoding = 30; lastKnownFileType = sourcecode.cpp.cpp; path = Hyperspace.cpp; sourceTree = "<group>"; };
		E0CDA06109A8E5C00004FDE6 /* tunnel.cpp */ = {isa = PBXFileReference; fileEncoding = 30; lastKnownFileType = sourcecode.cpp.cpp; path = tunnel.cpp; sourceTree = "<group>"; };
		E0CDA06C09A8E61A0004FDE6 /* causticTextures.h */ = {isa = PBXFileReference; fileEncoding = 30; lastKnownFileType = sourcecode.c.h; path = causticTextures.h; sourceTree = "<group>"; };
		E0CDA07009A8E6250004FDE6 /* flare.h */ = {isa = PBXFileReference; fileEncoding = 30; lastKnownFileType = sourcecode.c.h; path = flare.h; sourceTree = "<group>"; };
		E0CDA07209A8E62A0004FDE6 /* goo.h */ = {isa = PBXFileReference; fileEncoding = 30; lastKnownFileType = sourcecode.c.h; path = goo.h; sourceTree = "<group>"; };
		E0CDA07409A8E6370004FDE6 /* nebulamap.h */ = {isa = PBXFileReference; fileEncoding = 30; lastKnownFileType = sourcecode.c.h; path = nebulamap.h; sourceTree = "<group>"; };
		E0CDA07609A8E6460004FDE6 /* shaders.h */ = {isa = PBXFileReference; fileEncoding = 30; lastKnownFileType = sourcecode.c.h; path = shaders.h; sourceTree = "<group>"; };
		E0CDA07809A8E6510004FDE6 /* splinePath.h */ = {isa = PBXFileReference; fileEncoding = 30; lastKnownFileType = sourcecode.c.h; path = splinePath.h; sourceTree = "<group>"; };
		E0CDA07A09A8E6580004FDE6 /* starBurst.h */ = {isa = PBXFileReference; fileEncoding = 30; lastKnownFileType = sourcecode.c.h; path = starBurst.h; sourceTree = "<group>"; };
		E0CDA07C09A8E65E0004FDE6 /* stretchedParticle.h */ = {isa = PBXFileReference; fileEncoding = 30; lastKnownFileType = sourcecode.c.h; path = stretchedParticle.h; sourceTree = "<group>"; };
		E0CDA07E09A8E6680004FDE6 /* tunnel.h */ = {isa = PBXFileReference; fileEncoding = 30; lastKnownFileType = sourcecode.c.h; path = tunnel.h; sourceTree = "<group>"; };
		E0CDA08009A8E66E0004FDE6 /* wavyNormalCubeMaps.h */ = {isa = PBXFileReference; fileEncoding = 30; lastKnownFileType = sourcecode.c.h; path = wavyNormalCubeMaps.h; sourceTree = "<group>"; };
		E0CDA09409A8E8270004FDE6 /* Hyperspace.h */ = {isa = PBXFileReference; fileEncoding = 4; lastKnownFileType = sourcecode.c.h; path = Hyperspace.h; sourceTree = "<group>"; };
		E0CDA09909A8E9150004FDE6 /* rsDefines.h */ = {isa = PBXFileReference; fileEncoding = 30; lastKnownFileType = sourcecode.c.h; path = rsDefines.h; sourceTree = "<group>"; };
		E0CDA09C09A8E9150004FDE6 /* rsMath.h */ = {isa = PBXFileReference; fileEncoding = 30; lastKnownFileType = sourcecode.c.h; path = rsMath.h; sourceTree = "<group>"; };
		E0CDA0A009A8E9150004FDE6 /* rsMatrix.cpp */ = {isa = PBXFileReference; fileEncoding = 30; lastKnownFileType = sourcecode.cpp.cpp; path = rsMatrix.cpp; sourceTree = "<group>"; };
		E0CDA0A109A8E9150004FDE6 /* rsMatrix.h */ = {isa = PBXFileReference; fileEncoding = 30; lastKnownFileType = sourcecode.c.h; path = rsMatrix.h; sourceTree = "<group>"; };
		E0CDA0A209A8E9150004FDE6 /* rsQuat.cpp */ = {isa = PBXFileReference; fileEncoding = 30; lastKnownFileType = sourcecode.cpp.cpp; path = rsQuat.cpp; sourceTree = "<group>"; };
		E0CDA0A309A8E9150004FDE6 /* rsQuat.h */ = {isa = PBXFileReference; fileEncoding = 30; lastKnownFileType = sourcecode.c.h; path = rsQuat.h; sourceTree = "<group>"; };
		E0CDA0A409A8E9150004FDE6 /* rsTrigonometry.h */ = {isa = PBXFileReference; fileEncoding = 30; lastKnownFileType = sourcecode.c.h; path = rsTrigonometry.h; sourceTree = "<group>"; };
		E0CDA0A509A8E9150004FDE6 /* rsVec.cpp */ = {isa = PBXFileReference; fileEncoding = 30; lastKnownFileType = sourcecode.cpp.cpp; path = rsVec.cpp; sourceTree = "<group>"; };
		E0CDA0A609A8E9150004FDE6 /* rsVec.h */ = {isa = PBXFileReference; fileEncoding = 30; lastKnownFileType = sourcecode.c.h; path = rsVec.h; sourceTree = "<group>"; };
		E0CDA0BB09A8E96B0004FDE6 /* fontmap.h */ = {isa = PBXFileReference; fileEncoding = 30; lastKnownFileType = sourcecode.c.h; path = fontmap.h; sourceTree = "<group>"; };
		E0CDA0BC09A8E96B0004FDE6 /* rsText.cpp */ = {isa = PBXFileReference; fileEncoding = 30; lastKnownFileType = sourcecode.cpp.cpp; path = rsText.cpp; sourceTree = "<group>"; };
		E0CDA0BD09A8E96B0004FDE6 /* rsText.h */ = {isa = PBXFileReference; fileEncoding = 30; lastKnownFileType = sourcecode.c.h; path = rsText.h; sourceTree = "<group>"; };
		E0CDA0C109A8F5C50004FDE6 /* OpenGL.framework */ = {isa = PBXFileReference; lastKnownFileType = wrapper.framework; name = OpenGL.framework; path = /System/Library/Frameworks/OpenGL.framework; sourceTree = "<absolute>"; };
		E0CDA21109A900520004FDE6 /* Rgbhsl.h */ = {isa = PBXFileReference; fileEncoding = 30; lastKnownFileType = sourcecode.c.h; path = Rgbhsl.h; sourceTree = "<group>"; };
		E0CDA21309A900660004FDE6 /* Rgbhsl.cpp */ = {isa = PBXFileReference; fileEncoding = 30; lastKnownFileType = sourcecode.cpp.cpp; path = Rgbhsl.cpp; sourceTree = "<group>"; };
		E0CDA24C09A907E90004FDE6 /* impCubeTables.cpp */ = {isa = PBXFileReference; fileEncoding = 30; lastKnownFileType = sourcecode.cpp.cpp; path = impCubeTables.cpp; sourceTree = "<group>"; };
		E0CDA24D09A907E90004FDE6 /* impCubeVolume.cpp */ = {isa = PBXFileReference; fileEncoding = 30; lastKnownFileType = sourcecode.cpp.cpp; path = impCubeVolume.cpp; sourceTree = "<group>"; };
		E0CDA24E09A907E90004FDE6 /* impEllipsoid.cpp */ = {isa = PBXFileReference; fileEncoding = 30; lastKnownFileType = sourcecode.cpp.cpp; path = impEllipsoid.cpp; sourceTree = "<group>"; };
		E0CDA24F09A907E90004FDE6 /* impHexahedron.cpp */ = {isa = PBXFileReference; fileEncoding = 30; lastKnownFileType = sourcecode.cpp.cpp; path = impHexahedron.cpp; sourceTree = "<group>"; };
		E0CDA25009A907E90004FDE6 /* impKnot.cpp */ = {isa = PBXFileReference; fileEncoding = 30; lastKnownFileType = sourcecode.cpp.cpp; path = impKnot.cpp; sourceTree = "<group>"; };
		E0CDA25109A907E90004FDE6 /* impShape.cpp */ = {isa = PBXFileReference; fileEncoding = 30; lastKnownFileType = sourcecode.cpp.cpp; path = impShape.cpp; sourceTree = "<group>"; };
		E0CDA25209A907E90004FDE6 /* impSphere.cpp */ = {isa = PBXFileReference; fileEncoding = 30; lastKnownFileType = sourcecode.cpp.cpp; path = impSphere.cpp; sourceTree = "<group>"; };
		E0CDA25309A907E90004FDE6 /* impSurface.cpp */ = {isa = PBXFileReference; fileEncoding = 30; lastKnownFileType = sourcecode.cpp.cpp; lineEnding = 2; path = impSurface.cpp; sourceTree = "<group>"; };
		E0CDA25409A907E90004FDE6 /* impTorus.cpp */ = {isa = PBXFileReference; fileEncoding = 30; lastKnownFileType = sourcecode.cpp.cpp; path = impTorus.cpp; sourceTree = "<group>"; };
		E0CDA25E09A908010004FDE6 /* impCrawlPoint.h */ = {isa = PBXFileReference; fileEncoding = 30; lastKnownFileType = sourcecode.c.h; path = impCrawlPoint.h; sourceTree = "<group>"; };
		E0CDA26009A908070004FDE6 /* impCubeTables.h */ = {isa = PBXFileReference; fileEncoding = 30; lastKnownFileType = sourcecode.c.h; path = impCubeTables.h; sourceTree = "<group>"; };
		E0CDA26209A9080D0004FDE6 /* impCubeVolume.h */ = {isa = PBXFileReference; fileEncoding = 30; lastKnownFileType = sourcecode.c.h; path = impCubeVolume.h; sourceTree = "<group>"; };
		E0CDA26409A908110004FDE6 /* impEllipsoid.h */ = {isa = PBXFileReference; fileEncoding = 30; lastKnownFileType = sourcecode.c.h; path = impEllipsoid.h; sourceTree = "<group>"; };
		E0CDA26609A908140004FDE6 /* impHexahedron.h */ = {isa = PBXFileReference; fileEncoding = 30; lastKnownFileType = sourcecode.c.h; path = impHexahedron.h; sourceTree = "<group>"; };
		E0CDA26809A908170004FDE6 /* impKnot.h */ = {isa = PBXFileReference; fileEncoding = 30; lastKnownFileType = sourcecode.c.h; path = impKnot.h; sourceTree = "<group>"; };
		E0CDA26A09A9081C0004FDE6 /* impShape.h */ = {isa = PBXFileReference; fileEncoding = 30; lastKnownFileType = sourcecode.c.h; path = impShape.h; sourceTree = "<group>"; };
		E0CDA26C09A908210004FDE6 /* impSphere.h */ = {isa = PBXFileReference; fileEncoding = 30; lastKnownFileType = sourcecode.c.h; path = impSphere.h; sourceTree = "<group>"; };
		E0CDA26E09A908270004FDE6 /* impSurface.h */ = {isa = PBXFileReference; fileEncoding = 30; lastKnownFileType = sourcecode.c.h; path = impSurface.h; sourceTree = "<group>"; };
		E0CDA27009A9082A0004FDE6 /* impTorus.h */ = {isa = PBXFileReference; fileEncoding = 30; lastKnownFileType = sourcecode.c.h; path = impTorus.h; sourceTree = "<group>"; };
		E0CDA30309A928E40004FDE6 /* English */ = {isa = PBXFileReference; lastKnownFileType = wrapper.nib; name = English; path = English.lproj/ConfigureSheet.nib; sourceTree = "<group>"; };
		F50079790118B23001CA0E54 /* HyperspaceView.h */ = {isa = PBXFileReference; fileEncoding = 4; lastKnownFileType = sourcecode.c.h; path = HyperspaceView.h; sourceTree = "<group>"; };
		F500797A0118B23001CA0E54 /* HyperspaceView.mm */ = {isa = PBXFileReference; fileEncoding = 4; lastKnownFileType = sourcecode.cpp.objcpp; path = HyperspaceView.mm; sourceTree = "<group>"; };
/* End PBXFileReference section */

/* Begin PBXFrameworksBuildPhase section */
		8D255ACD0486D3F9007BF209 /* Frameworks */ = {
			isa = PBXFrameworksBuildPhase;
			buildActionMask = 2147483647;
			files = (
				8D255ACE0486D3F9007BF209 /* Cocoa.framework in Frameworks */,
				8D255ACF0486D3F9007BF209 /* ScreenSaver.framework in Frameworks */,
				E0CDA0C209A8F5C50004FDE6 /* OpenGL.framework in Frameworks */,
			);
			runOnlyForDeploymentPostprocessing = 0;
		};
/* End PBXFrameworksBuildPhase section */

/* Begin PBXGroup section */
		089C166AFE841209C02AAC07 /* Hyperspace */ = {
			isa = PBXGroup;
			children = (
				08FB77AFFE84173DC02AAC07 /* Classes */,
				32DBCFA70370C4F300C91783 /* Other Sources */,
				089C167CFE841241C02AAC07 /* Resources */,
				089C1671FE841209C02AAC07 /* Frameworks and Libraries */,
				19C28FB8FE9D52D311CA2CBB /* Products */,
			);
			name = Hyperspace;
			sourceTree = "<group>";
		};
		089C1671FE841209C02AAC07 /* Frameworks and Libraries */ = {
			isa = PBXGroup;
			children = (
				1058C7ACFEA557BF11CA2CBB /* Linked Frameworks */,
				1058C7AEFEA557BF11CA2CBB /* Other Frameworks */,
			);
			name = "Frameworks and Libraries";
			sourceTree = "<group>";
		};
		089C167CFE841241C02AAC07 /* Resources */ = {
			isa = PBXGroup;
			children = (
				E0CDA30209A928E40004FDE6 /* ConfigureSheet.nib */,
				E042195909A973B500E46FE2 /* Localizable.strings */,
				8D255AD20486D3F9007BF209 /* Info.plist */,
				089C167DFE841241C02AAC07 /* InfoPlist.strings */,
			);
			name = Resources;
			sourceTree = "<group>";
		};
		08FB77AFFE84173DC02AAC07 /* Classes */ = {
			isa = PBXGroup;
			children = (
				F50079790118B23001CA0E54 /* HyperspaceView.h */,
				F500797A0118B23001CA0E54 /* HyperspaceView.mm */,
			);
			name = Classes;
			sourceTree = "<group>";
		};
		1058C7ACFEA557BF11CA2CBB /* Linked Frameworks */ = {
			isa = PBXGroup;
			children = (
				1058C7ADFEA557BF11CA2CBB /* Cocoa.framework */,
				06F27B2DFFEEEFEF11CA0E56 /* ScreenSaver.framework */,
				E0CDA0C109A8F5C50004FDE6 /* OpenGL.framework */,
			);
			name = "Linked Frameworks";
			sourceTree = "<group>";
		};
		1058C7AEFEA557BF11CA2CBB /* Other Frameworks */ = {
			isa = PBXGroup;
			children = (
				089C1672FE841209C02AAC07 /* Foundation.framework */,
				089C167FFE841241C02AAC07 /* AppKit.framework */,
			);
			name = "Other Frameworks";
			sourceTree = "<group>";
		};
		19C28FB8FE9D52D311CA2CBB /* Products */ = {
			isa = PBXGroup;
			children = (
				8D255AD30486D3F9007BF209 /* Hyperspace.saver */,
			);
			name = Products;
			sourceTree = "<group>";
		};
		32DBCFA70370C4F300C91783 /* Other Sources */ = {
			isa = PBXGroup;
			children = (
				E031094F0F60E0CB009FCCA0 /* frsqrt.hh */,
				E0AA3C5511E11C3500F84B8B /* Hyperspace */,
				E0CDA24B09A907E90004FDE6 /* Implicit */,
				E0CDA09809A8E9150004FDE6 /* rsMath */,
				E0CDA0BA09A8E96B0004FDE6 /* rsText */,
				E0CDA20A09A9001E0004FDE6 /* Rgbhsl */,
				32DBCFA80370C50100C91783 /* Hyperspace_Prefix.pch */,
				E0BA139A09CE111D00312D77 /* MacHelperFunctions.h */,
				E0BA139B09CE111D00312D77 /* MacHelperFunctions.mm */,
			);
			name = "Other Sources";
			sourceTree = "<group>";
		};
		E0AA3C5511E11C3500F84B8B /* Hyperspace */ = {
			isa = PBXGroup;
			children = (
				E0CDA09409A8E8270004FDE6 /* Hyperspace.h */,
				E0CDA06009A8E5C00004FDE6 /* Hyperspace.cpp */,
				E0CDA07A09A8E6580004FDE6 /* starBurst.h */,
				E0CDA05809A8E5C00004FDE6 /* starBurst.cpp */,
				E0CDA07C09A8E65E0004FDE6 /* stretchedParticle.h */,
				E0CDA05909A8E5C00004FDE6 /* stretchedParticle.cpp */,
				E0CDA08009A8E66E0004FDE6 /* wavyNormalCubeMaps.h */,
				E0CDA05A09A8E5C00004FDE6 /* wavyNormalCubeMaps.cpp */,
				E0CDA07809A8E6510004FDE6 /* splinePath.h */,
				E0CDA05B09A8E5C00004FDE6 /* splinePath.cpp */,
				E0CDA07009A8E6250004FDE6 /* flare.h */,
				E0CDA05D09A8E5C00004FDE6 /* flare.cpp */,
				E0CDA07209A8E62A0004FDE6 /* goo.h */,
				E0CDA05E09A8E5C00004FDE6 /* goo.cpp */,
				E0CDA06C09A8E61A0004FDE6 /* causticTextures.h */,
				E0CDA05F09A8E5C00004FDE6 /* causticTextures.cpp */,
				E0CDA07E09A8E6680004FDE6 /* tunnel.h */,
				E0CDA06109A8E5C00004FDE6 /* tunnel.cpp */,
				E0CDA07409A8E6370004FDE6 /* nebulamap.h */,
				E0CDA07609A8E6460004FDE6 /* shaders.h */,
			);
			path = Hyperspace;
			sourceTree = "<group>";
		};
		E0CDA09809A8E9150004FDE6 /* rsMath */ = {
			isa = PBXGroup;
			children = (
				E0CDA09909A8E9150004FDE6 /* rsDefines.h */,
				E0CDA09C09A8E9150004FDE6 /* rsMath.h */,
				E0CDA0A109A8E9150004FDE6 /* rsMatrix.h */,
				E0CDA0A009A8E9150004FDE6 /* rsMatrix.cpp */,
				E0CDA0A309A8E9150004FDE6 /* rsQuat.h */,
				E0CDA0A209A8E9150004FDE6 /* rsQuat.cpp */,
				E0CDA0A409A8E9150004FDE6 /* rsTrigonometry.h */,
				E0CDA0A609A8E9150004FDE6 /* rsVec.h */,
				E0CDA0A509A8E9150004FDE6 /* rsVec.cpp */,
			);
			path = rsMath;
			sourceTree = "<group>";
		};
		E0CDA0BA09A8E96B0004FDE6 /* rsText */ = {
			isa = PBXGroup;
			children = (
				E0CDA0BB09A8E96B0004FDE6 /* fontmap.h */,
				E0CDA0BD09A8E96B0004FDE6 /* rsText.h */,
				E0CDA0BC09A8E96B0004FDE6 /* rsText.cpp */,
			);
			path = rsText;
			sourceTree = "<group>";
		};
		E0CDA20A09A9001E0004FDE6 /* Rgbhsl */ = {
			isa = PBXGroup;
			children = (
				E0CDA21109A900520004FDE6 /* Rgbhsl.h */,
				E0CDA21309A900660004FDE6 /* Rgbhsl.cpp */,
			);
			path = Rgbhsl;
			sourceTree = "<group>";
		};
		E0CDA24B09A907E90004FDE6 /* Implicit */ = {
			isa = PBXGroup;
			children = (
				E0CDA25E09A908010004FDE6 /* impCrawlPoint.h */,
				E0CDA26009A908070004FDE6 /* impCubeTables.h */,
				E0CDA24C09A907E90004FDE6 /* impCubeTables.cpp */,
				E0CDA26209A9080D0004FDE6 /* impCubeVolume.h */,
				E0CDA24D09A907E90004FDE6 /* impCubeVolume.cpp */,
				E0CDA26409A908110004FDE6 /* impEllipsoid.h */,
				E0CDA24E09A907E90004FDE6 /* impEllipsoid.cpp */,
				E0CDA26609A908140004FDE6 /* impHexahedron.h */,
				E0CDA24F09A907E90004FDE6 /* impHexahedron.cpp */,
				E0CDA26809A908170004FDE6 /* impKnot.h */,
				E0CDA25009A907E90004FDE6 /* impKnot.cpp */,
				E0CDA26A09A9081C0004FDE6 /* impShape.h */,
				E0CDA25109A907E90004FDE6 /* impShape.cpp */,
				E0CDA26C09A908210004FDE6 /* impSphere.h */,
				E0CDA25209A907E90004FDE6 /* impSphere.cpp */,
				E0CDA26E09A908270004FDE6 /* impSurface.h */,
				E0CDA25309A907E90004FDE6 /* impSurface.cpp */,
				E0CDA27009A9082A0004FDE6 /* impTorus.h */,
				E0CDA25409A907E90004FDE6 /* impTorus.cpp */,
			);
			path = Implicit;
			sourceTree = "<group>";
		};
/* End PBXGroup section */

/* Begin PBXHeadersBuildPhase section */
		8D255AC60486D3F9007BF209 /* Headers */ = {
			isa = PBXHeadersBuildPhase;
			buildActionMask = 2147483647;
			files = (
				8D255AC70486D3F9007BF209 /* Hyperspace_Prefix.pch in Headers */,
				8D255AC80486D3F9007BF209 /* HyperspaceView.h in Headers */,
				E0CDA06D09A8E61A0004FDE6 /* causticTextures.h in Headers */,
				E0CDA07109A8E6250004FDE6 /* flare.h in Headers */,
				E0CDA07309A8E62A0004FDE6 /* goo.h in Headers */,
				E0CDA07509A8E6370004FDE6 /* nebulamap.h in Headers */,
				E0CDA07709A8E6460004FDE6 /* shaders.h in Headers */,
				E0CDA07909A8E6510004FDE6 /* splinePath.h in Headers */,
				E0CDA07B09A8E6580004FDE6 /* starBurst.h in Headers */,
				E0CDA07D09A8E65E0004FDE6 /* stretchedParticle.h in Headers */,
				E0CDA07F09A8E6680004FDE6 /* tunnel.h in Headers */,
				E0CDA08109A8E66E0004FDE6 /* wavyNormalCubeMaps.h in Headers */,
				E0CDA09509A8E8270004FDE6 /* Hyperspace.h in Headers */,
				E0CDA0A709A8E9150004FDE6 /* rsDefines.h in Headers */,
				E0CDA0AA09A8E9150004FDE6 /* rsMath.h in Headers */,
				E0CDA0AF09A8E9150004FDE6 /* rsMatrix.h in Headers */,
				E0CDA0B109A8E9150004FDE6 /* rsQuat.h in Headers */,
				E0CDA0B209A8E9150004FDE6 /* rsTrigonometry.h in Headers */,
				E0CDA0B409A8E9150004FDE6 /* rsVec.h in Headers */,
				E0CDA0BE09A8E96B0004FDE6 /* fontmap.h in Headers */,
				E0CDA0C009A8E96B0004FDE6 /* rsText.h in Headers */,
				E0CDA21209A900520004FDE6 /* Rgbhsl.h in Headers */,
				E0CDA25F09A908010004FDE6 /* impCrawlPoint.h in Headers */,
				E0CDA26109A908070004FDE6 /* impCubeTables.h in Headers */,
				E0CDA26309A9080D0004FDE6 /* impCubeVolume.h in Headers */,
				E0CDA26509A908110004FDE6 /* impEllipsoid.h in Headers */,
				E0CDA26709A908140004FDE6 /* impHexahedron.h in Headers */,
				E0CDA26909A908170004FDE6 /* impKnot.h in Headers */,
				E0CDA26B09A9081C0004FDE6 /* impShape.h in Headers */,
				E0CDA26D09A908210004FDE6 /* impSphere.h in Headers */,
				E0CDA26F09A908270004FDE6 /* impSurface.h in Headers */,
				E0CDA27109A9082A0004FDE6 /* impTorus.h in Headers */,
				E0BA139C09CE111D00312D77 /* MacHelperFunctions.h in Headers */,
				E03109500F60E0CB009FCCA0 /* frsqrt.hh in Headers */,
			);
			runOnlyForDeploymentPostprocessing = 0;
		};
/* End PBXHeadersBuildPhase section */

/* Begin PBXNativeTarget section */
		8D255AC50486D3F9007BF209 /* Hyperspace */ = {
			isa = PBXNativeTarget;
			buildConfigurationList = EF7AD72D08BB986600CE4634 /* Build configuration list for PBXNativeTarget "Hyperspace" */;
			buildPhases = (
				8D255AC60486D3F9007BF209 /* Headers */,
				8D255AC90486D3F9007BF209 /* Resources */,
				8D255ACB0486D3F9007BF209 /* Sources */,
				8D255ACD0486D3F9007BF209 /* Frameworks */,
				8D255AD00486D3F9007BF209 /* Rez */,
			);
			buildRules = (
			);
			dependencies = (
			);
			name = Hyperspace;
			productInstallPath = "$(HOME)/Library/Screen Savers";
			productName = Hyperspace;
			productReference = 8D255AD30486D3F9007BF209 /* Hyperspace.saver */;
			productType = "com.apple.product-type.bundle";
		};
/* End PBXNativeTarget section */

/* Begin PBXProject section */
		089C1669FE841209C02AAC07 /* Project object */ = {
			isa = PBXProject;
			buildConfigurationList = EF7AD73108BB986600CE4634 /* Build configuration list for PBXProject "Hyperspace" */;
			compatibilityVersion = "Xcode 3.1";
			hasScannedForEncodings = 1;
			mainGroup = 089C166AFE841209C02AAC07 /* Hyperspace */;
			projectDirPath = "";
			projectRoot = "";
			targets = (
				8D255AC50486D3F9007BF209 /* Hyperspace */,
			);
		};
/* End PBXProject section */

/* Begin PBXResourcesBuildPhase section */
		8D255AC90486D3F9007BF209 /* Resources */ = {
			isa = PBXResourcesBuildPhase;
			buildActionMask = 2147483647;
			files = (
				8D255ACA0486D3F9007BF209 /* InfoPlist.strings in Resources */,
				E0CDA30409A928E40004FDE6 /* ConfigureSheet.nib in Resources */,
				E042195B09A973B500E46FE2 /* Localizable.strings in Resources */,
			);
			runOnlyForDeploymentPostprocessing = 0;
		};
/* End PBXResourcesBuildPhase section */

/* Begin PBXRezBuildPhase section */
		8D255AD00486D3F9007BF209 /* Rez */ = {
			isa = PBXRezBuildPhase;
			buildActionMask = 2147483647;
			files = (
			);
			runOnlyForDeploymentPostprocessing = 0;
		};
/* End PBXRezBuildPhase section */

/* Begin PBXSourcesBuildPhase section */
		8D255ACB0486D3F9007BF209 /* Sources */ = {
			isa = PBXSourcesBuildPhase;
			buildActionMask = 2147483647;
			files = (
				8D255ACC0486D3F9007BF209 /* HyperspaceView.mm in Sources */,
				E0CDA06209A8E5C00004FDE6 /* starBurst.cpp in Sources */,
				E0CDA06309A8E5C00004FDE6 /* stretchedParticle.cpp in Sources */,
				E0CDA06409A8E5C00004FDE6 /* wavyNormalCubeMaps.cpp in Sources */,
				E0CDA06509A8E5C00004FDE6 /* splinePath.cpp in Sources */,
				E0CDA06709A8E5C00004FDE6 /* flare.cpp in Sources */,
				E0CDA06809A8E5C00004FDE6 /* goo.cpp in Sources */,
				E0CDA06909A8E5C00004FDE6 /* causticTextures.cpp in Sources */,
				E0CDA06A09A8E5C00004FDE6 /* Hyperspace.cpp in Sources */,
				E0CDA06B09A8E5C00004FDE6 /* tunnel.cpp in Sources */,
				E0CDA0AE09A8E9150004FDE6 /* rsMatrix.cpp in Sources */,
				E0CDA0B009A8E9150004FDE6 /* rsQuat.cpp in Sources */,
				E0CDA0B309A8E9150004FDE6 /* rsVec.cpp in Sources */,
				E0CDA0BF09A8E96B0004FDE6 /* rsText.cpp in Sources */,
				E0CDA21409A900660004FDE6 /* Rgbhsl.cpp in Sources */,
				E0CDA25509A907E90004FDE6 /* impCubeTables.cpp in Sources */,
				E0CDA25609A907E90004FDE6 /* impCubeVolume.cpp in Sources */,
				E0CDA25709A907E90004FDE6 /* impEllipsoid.cpp in Sources */,
				E0CDA25809A907E90004FDE6 /* impHexahedron.cpp in Sources */,
				E0CDA25909A907E90004FDE6 /* impKnot.cpp in Sources */,
				E0CDA25A09A907E90004FDE6 /* impShape.cpp in Sources */,
				E0CDA25B09A907E90004FDE6 /* impSphere.cpp in Sources */,
				E0CDA25C09A907E90004FDE6 /* impSurface.cpp in Sources */,
				E0CDA25D09A907E90004FDE6 /* impTorus.cpp in Sources */,
				E0BA139D09CE111D00312D77 /* MacHelperFunctions.mm in Sources */,
			);
			runOnlyForDeploymentPostprocessing = 0;
		};
/* End PBXSourcesBuildPhase section */

/* Begin PBXVariantGroup section */
		089C167DFE841241C02AAC07 /* InfoPlist.strings */ = {
			isa = PBXVariantGroup;
			children = (
				089C167EFE841241C02AAC07 /* English */,
				E09A9ECB0A5A052C00322A8A /* French */,
				E05D36B40E2A8E21000F03B2 /* German */,
			);
			name = InfoPlist.strings;
			sourceTree = "<group>";
		};
		E042195909A973B500E46FE2 /* Localizable.strings */ = {
			isa = PBXVariantGroup;
			children = (
				E042195A09A973B500E46FE2 /* English */,
				E09A9ECA0A5A052000322A8A /* French */,
				E05D36B20E2A8E04000F03B2 /* German */,
			);
			name = Localizable.strings;
			sourceTree = "<group>";
		};
		E0CDA30209A928E40004FDE6 /* ConfigureSheet.nib */ = {
			isa = PBXVariantGroup;
			children = (
				E0CDA30309A928E40004FDE6 /* English */,
				E09A9EC50A5A051400322A8A /* French */,
				E05D36B00E2A8DE6000F03B2 /* German */,
			);
			name = ConfigureSheet.nib;
			sourceTree = "<group>";
		};
/* End PBXVariantGroup section */

/* Begin XCBuildConfiguration section */
		EF7AD72E08BB986600CE4634 /* Debug */ = {
			isa = XCBuildConfiguration;
			buildSettings = {
				COPY_PHASE_STRIP = NO;
				"GCC_ALTIVEC_EXTENSIONS[arch=ppc]" = YES;
				GCC_DYNAMIC_NO_PIC = NO;
				GCC_ENABLE_FIX_AND_CONTINUE = YES;
				GCC_MODEL_TUNING = G5;
				GCC_OPTIMIZATION_LEVEL = 0;
				GCC_PRECOMPILE_PREFIX_HEADER = YES;
				GCC_PREFIX_HEADER = Hyperspace_Prefix.pch;
				INFOPLIST_FILE = Info.plist;
				INSTALL_PATH = "$(HOME)/Library/Screen Savers";
				PRODUCT_NAME = Hyperspace;
				WRAPPER_EXTENSION = saver;
				ZERO_LINK = YES;
			};
			name = Debug;
		};
		EF7AD72F08BB986600CE4634 /* Release */ = {
			isa = XCBuildConfiguration;
			buildSettings = {
				DEBUG_INFORMATION_FORMAT = "dwarf-with-dsym";
				"GCC_ALTIVEC_EXTENSIONS[arch=ppc]" = YES;
				GCC_AUTO_VECTORIZATION = YES;
				GCC_FAST_MATH = YES;
				GCC_GENERATE_DEBUGGING_SYMBOLS = YES;
				GCC_MODEL_TUNING = G5;
				GCC_OPTIMIZATION_LEVEL = 3;
				GCC_PRECOMPILE_PREFIX_HEADER = YES;
				GCC_PREFIX_HEADER = Hyperspace_Prefix.pch;
				INFOPLIST_FILE = Info.plist;
				INSTALL_PATH = "$(HOME)/Library/Screen Savers";
				PRODUCT_NAME = Hyperspace;
				WRAPPER_EXTENSION = saver;
			};
			name = Release;
		};
		EF7AD73208BB986600CE4634 /* Debug */ = {
			isa = XCBuildConfiguration;
			buildSettings = {
				ARCHS = (
					i386,
					ppc,
					x86_64,
				);
				"GCC_ENABLE_OBJC_GC[arch=x86_64]" = supported;
				"GCC_FAST_OBJC_DISPATCH[arch=ppc]" = NO;
				"GCC_VERSION[sdk=macosx10.4][arch=*]" = 4.0;
				GCC_WARN_64_TO_32_BIT_CONVERSION = YES;
				GCC_WARN_ABOUT_RETURN_TYPE = YES;
				GCC_WARN_UNUSED_VARIABLE = YES;
				ONLY_ACTIVE_ARCH = YES;
				PREBINDING = NO;
				"SDKROOT[arch=i386]" = macosx10.4;
				"SDKROOT[arch=ppc]" = macosx10.4;
				"SDKROOT[arch=x86_64]" = macosx10.6;
				WARNING_CFLAGS = (
					"-Wmost",
					"-Wno-missing-braces",
				);
			};
			name = Debug;
		};
		EF7AD73308BB986600CE4634 /* Release */ = {
			isa = XCBuildConfiguration;
			buildSettings = {
				ARCHS = (
					i386,
					ppc,
					x86_64,
				);
				"GCC_ENABLE_OBJC_GC[arch=x86_64]" = supported;
				"GCC_FAST_OBJC_DISPATCH[arch=ppc]" = NO;
				"GCC_VERSION[sdk=macosx10.4][arch=*]" = 4.0;
				GCC_WARN_64_TO_32_BIT_CONVERSION = YES;
				GCC_WARN_ABOUT_RETURN_TYPE = YES;
				GCC_WARN_UNUSED_VARIABLE = YES;
				PREBINDING = NO;
				"SDKROOT[arch=i386]" = macosx10.4;
				"SDKROOT[arch=ppc]" = macosx10.4;
				"SDKROOT[arch=x86_64]" = macosx10.6;
				WARNING_CFLAGS = (
					"-Wmost",
					"-Wno-missing-braces",
				);
			};
			name = Release;
		};
/* End XCBuildConfiguration section */

/* Begin XCConfigurationList section */
		EF7AD72D08BB986600CE4634 /* Build configuration list for PBXNativeTarget "Hyperspace" */ = {
			isa = XCConfigurationList;
			buildConfigurations = (
				EF7AD72E08BB986600CE4634 /* Debug */,
				EF7AD72F08BB986600CE4634 /* Release */,
			);
			defaultConfigurationIsVisible = 0;
			defaultConfigurationName = Release;
		};
		EF7AD73108BB986600CE4634 /* Build configuration list for PBXProject "Hyperspace" */ = {
			isa = XCConfigurationList;
			buildConfigurations = (
				EF7AD73208BB986600CE4634 /* Debug */,
				EF7AD73308BB986600CE4634 /* Release */,
			);
			defaultConfigurationIsVisible = 0;
			defaultConfigurationName = Release;
		};
/* End XCConfigurationList section */
	};
	rootObject = 089C1669FE841209C02AAC07 /* Project object */;
}
